Microsoft Visual Studio Solution File, Format Version 12.00
# Visual Studio Version 16
VisualStudioVersion = 16.0.29025.244
MinimumVisualStudioVersion = 10.0.40219.1
Project("{2150E333-8FDC-42A3-9474-1A3956D46DE8}") = "Comet", "Comet", "{A945EE6E-34D6-4FE3-A8CE-45F2F374188D}"
EndProject
Project("{9A19103F-16F7-4668-BE54-9A1E7A4F7556}") = "Comet", "..\Comet\src\Comet\Comet.csproj", "{DE1BA22F-7E7B-40EC-9301-8E02A9A25E0A}"
EndProject
Project("{2150E333-8FDC-42A3-9474-1A3956D46DE8}") = "IDE", "IDE", "{6EA10C36-41FC-4FDF-B3F7-1F2828ABC896}"
EndProject
Project("{2150E333-8FDC-42A3-9474-1A3956D46DE8}") = "Platforms", "Platforms", "{534265F2-412C-42BF-B5B5-9940D1F5F4DA}"
EndProject
Project("{D954291E-2A0B-460D-934E-DC6B0785DB48}") = "Comet.Reload.Client", "Comet.Reload.Client\Comet.Reload.Client.shproj", "{6EC9CA25-09ED-4F80-8D23-39FB28294A3E}"
EndProject
Project("{9A19103F-16F7-4668-BE54-9A1E7A4F7556}") = "Comet.Reload.Roslyn", "Comet.Reload.Roslyn\Comet.Reload.Roslyn.csproj", "{B7A0E6E6-0674-4DED-BC9B-7CED0184104B}"
EndProject
Project("{D954291E-2A0B-460D-934E-DC6B0785DB48}") = "Comet.Reload.Core", "Comet.Reload.Core\Comet.Reload.Core.shproj", "{4AF14C8D-878A-4CB4-8B61-60A531AB358B}"
EndProject
Project("{FAE04EC0-301F-11D3-BF4B-00C04F79EFBC}") = "Comet.Reload.Build.Tasks", "Comet.Reload.Build\Comet.Reload.Build.Tasks.csproj", "{B960F8D7-25B3-46E9-A95C-E539192B5744}"
EndProject
Project("{2150E333-8FDC-42A3-9474-1A3956D46DE8}") = "Samples", "Samples", "{DA8A695F-68D7-4858-96D0-1AC0BCC5EA5D}"
EndProject
Project("{9A19103F-16F7-4668-BE54-9A1E7A4F7556}") = "Comet.Samples", "..\Comet\sample\Comet.Samples\Comet.Samples.csproj", "{F86E3A30-8D79-4E77-BB8A-F05A904DC942}"
EndProject
Project("{FAE04EC0-301F-11D3-BF4B-00C04F79EFBC}") = "Comet.iOS.Sample", "Samples\Comet.iOS.Sample\Comet.iOS.Sample.csproj", "{12BE5947-A64A-4968-96A6-5CA3CE36C244}"
EndProject
Project("{2150E333-8FDC-42A3-9474-1A3956D46DE8}") = "Tests", "Tests", "{F36B5545-F798-4371-A17C-B0CB5EE1C76B}"
EndProject
Project("{9A19103F-16F7-4668-BE54-9A1E7A4F7556}") = "Comet.Reload.NetCore.Tests", "Tests\Comet.Reload.NetCore.Tests\Comet.Reload.NetCore.Tests.csproj", "{18EF3C1F-C3B0-4A4D-8929-86F54E9491AA}"
EndProject
Project("{D954291E-2A0B-460D-934E-DC6B0785DB48}") = "Comet.Reload.Tests.Shared", "Tests\Comet.Reload.Tests.Shared\Comet.Reload.Tests.Shared.shproj", "{D7B239B7-2883-4B53-8873-5A3DD82578AC}"
EndProject
Project("{D954291E-2A0B-460D-934E-DC6B0785DB48}") = "Comet.Reload.IDE", "Comet.Reload.IDE\Comet.Reload.IDE.shproj", "{4F101B9A-EF2C-47B6-B7E0-007FE8B97168}"
EndProject
Project("{FAE04EC0-301F-11D3-BF4B-00C04F79EFBC}") = "Comet.Reload.Android", "Comet.Reload.Android\Comet.Reload.Android.csproj", "{C4AD509A-5B07-4509-8667-043291626006}"
EndProject
Project("{FAE04EC0-301F-11D3-BF4B-00C04F79EFBC}") = "Comet.Reload.VSMac", "Comet.Reload.VSMac\Comet.Reload.VSMac.csproj", "{63E0DB48-2173-405F-8D05-CCFA9C4E1685}"
EndProject
Project("{FAE04EC0-301F-11D3-BF4B-00C04F79EFBC}") = "Esp", "Esp\Esp.csproj", "{C43DEC68-4787-4653-9017-959465340A05}"
EndProject
Project("{FAE04EC0-301F-11D3-BF4B-00C04F79EFBC}") = "Esp.Resources", "Esp.Resources\Esp.Resources.csproj", "{F2F87FCA-EE86-4E72-B4B7-923A77A84E47}"
EndProject
Project("{FAE04EC0-301F-11D3-BF4B-00C04F79EFBC}") = "Comet.iOS", "..\Comet\src\Comet.iOS\Comet.iOS.csproj", "{9DF36DBF-AFE6-438D-B7A6-1B5FB3D1D6D1}"
EndProject
Project("{FAE04EC0-301F-11D3-BF4B-00C04F79EFBC}") = "Comet.Reload.iOS", "Comet.Reload.iOS\Comet.Reload.iOS.csproj", "{CC766EBA-D4BC-4460-805D-5041C10A70EE}"
EndProject
Project("{2150E333-8FDC-42A3-9474-1A3956D46DE8}") = "ESPSamples", "ESPSamples", "{E713C139-14CB-4B95-950C-CB1183BA19DD}"
EndProject
Project("{FAE04EC0-301F-11D3-BF4B-00C04F79EFBC}") = "Client", "Esp.Samples\Client\Client.csproj", "{4737E610-5890-4A1C-B1A1-BAA3C18A4E15}"
EndProject
Project("{FAE04EC0-301F-11D3-BF4B-00C04F79EFBC}") = "Server", "Esp.Samples\Server\Server.csproj", "{03B8011B-4577-45E6-AA05-4F9E4FFD3C07}"
EndProject
Project("{9344BDBB-3E7F-41FC-A0DD-8665D75EE146}") = "Comet.Android", "..\Comet\src\Comet.Android\Comet.Android.csproj", "{A47AB82A-C392-4649-ABFA-2288DB7E8EBC}"
EndProject
Project("{9344BDBB-3E7F-41FC-A0DD-8665D75EE146}") = "Comet.Android.Sample", "Samples\Comet.Android.Sample\Comet.Android.Sample.csproj", "{3DD63361-AE4C-49C4-B1A0-5D87B8B88E13}"
EndProject
Project("{9344BDBB-3E7F-41FC-A0DD-8665D75EE146}") = "Comet.Reload.Tests", "Tests\Comet.Reload.Tests\Comet.Reload.Tests.csproj", "{0D08C850-C3A9-432A-A8E6-C443C67C60E9}"
EndProject
Global
	GlobalSection(SharedMSBuildProjectFiles) = preSolution
		Comet.Reload.Core\Comet.Reload.Core.projitems*{4af14c8d-878a-4cb4-8b61-60a531ab358b}*SharedItemsImports = 13
		Comet.Reload.Client\Comet.Reload.Client.projitems*{6ec9ca25-09ed-4f80-8d23-39fb28294a3e}*SharedItemsImports = 13
		Comet.Reload.Client\Comet.Reload.Client.projitems*{c6e7d0df-824b-4a57-9bc0-af7874e0e49b}*SharedItemsImports = 4
		Comet.Reload.Core\Comet.Reload.Core.projitems*{c6e7d0df-824b-4a57-9bc0-af7874e0e49b}*SharedItemsImports = 4
		Tests\Comet.Reload.Tests.Shared\Comet.Reload.Tests.Shared.projitems*{c6e7d0df-824b-4a57-9bc0-af7874e0e49b}*SharedItemsImports = 4
		Comet.Reload.Client\Comet.Reload.Client.projitems*{cc766eba-d4bc-4460-805d-5041c10a70ee}*SharedItemsImports = 4
		Comet.Reload.Core\Comet.Reload.Core.projitems*{cc766eba-d4bc-4460-805d-5041c10a70ee}*SharedItemsImports = 4
		Tests\Comet.Reload.Tests.Shared\Comet.Reload.Tests.Shared.projitems*{d7b239b7-2883-4b53-8873-5a3dd82578ac}*SharedItemsImports = 13
	EndGlobalSection
	GlobalSection(SolutionConfigurationPlatforms) = preSolution
		Debug|Any CPU = Debug|Any CPU
		Debug|iPhone = Debug|iPhone
		Debug|iPhoneSimulator = Debug|iPhoneSimulator
		Release|Any CPU = Release|Any CPU
		Release|iPhone = Release|iPhone
		Release|iPhoneSimulator = Release|iPhoneSimulator
	EndGlobalSection
	GlobalSection(ProjectConfigurationPlatforms) = postSolution
		{DE1BA22F-7E7B-40EC-9301-8E02A9A25E0A}.Debug|Any CPU.ActiveCfg = Debug|Any CPU
		{DE1BA22F-7E7B-40EC-9301-8E02A9A25E0A}.Debug|Any CPU.Build.0 = Debug|Any CPU
		{DE1BA22F-7E7B-40EC-9301-8E02A9A25E0A}.Debug|iPhone.ActiveCfg = Debug|Any CPU
		{DE1BA22F-7E7B-40EC-9301-8E02A9A25E0A}.Debug|iPhone.Build.0 = Debug|Any CPU
		{DE1BA22F-7E7B-40EC-9301-8E02A9A25E0A}.Debug|iPhoneSimulator.ActiveCfg = Debug|Any CPU
		{DE1BA22F-7E7B-40EC-9301-8E02A9A25E0A}.Debug|iPhoneSimulator.Build.0 = Debug|Any CPU
		{DE1BA22F-7E7B-40EC-9301-8E02A9A25E0A}.Release|Any CPU.ActiveCfg = Release|Any CPU
		{DE1BA22F-7E7B-40EC-9301-8E02A9A25E0A}.Release|Any CPU.Build.0 = Release|Any CPU
		{DE1BA22F-7E7B-40EC-9301-8E02A9A25E0A}.Release|iPhone.ActiveCfg = Release|Any CPU
		{DE1BA22F-7E7B-40EC-9301-8E02A9A25E0A}.Release|iPhone.Build.0 = Release|Any CPU
		{DE1BA22F-7E7B-40EC-9301-8E02A9A25E0A}.Release|iPhoneSimulator.ActiveCfg = Release|Any CPU
		{DE1BA22F-7E7B-40EC-9301-8E02A9A25E0A}.Release|iPhoneSimulator.Build.0 = Release|Any CPU
		{B7A0E6E6-0674-4DED-BC9B-7CED0184104B}.Debug|Any CPU.ActiveCfg = Debug|Any CPU
		{B7A0E6E6-0674-4DED-BC9B-7CED0184104B}.Debug|Any CPU.Build.0 = Debug|Any CPU
		{B7A0E6E6-0674-4DED-BC9B-7CED0184104B}.Debug|iPhone.ActiveCfg = Debug|Any CPU
		{B7A0E6E6-0674-4DED-BC9B-7CED0184104B}.Debug|iPhone.Build.0 = Debug|Any CPU
		{B7A0E6E6-0674-4DED-BC9B-7CED0184104B}.Debug|iPhoneSimulator.ActiveCfg = Debug|Any CPU
		{B7A0E6E6-0674-4DED-BC9B-7CED0184104B}.Debug|iPhoneSimulator.Build.0 = Debug|Any CPU
		{B7A0E6E6-0674-4DED-BC9B-7CED0184104B}.Release|Any CPU.ActiveCfg = Release|Any CPU
		{B7A0E6E6-0674-4DED-BC9B-7CED0184104B}.Release|Any CPU.Build.0 = Release|Any CPU
		{B7A0E6E6-0674-4DED-BC9B-7CED0184104B}.Release|iPhone.ActiveCfg = Release|Any CPU
		{B7A0E6E6-0674-4DED-BC9B-7CED0184104B}.Release|iPhone.Build.0 = Release|Any CPU
		{B7A0E6E6-0674-4DED-BC9B-7CED0184104B}.Release|iPhoneSimulator.ActiveCfg = Release|Any CPU
		{B7A0E6E6-0674-4DED-BC9B-7CED0184104B}.Release|iPhoneSimulator.Build.0 = Release|Any CPU
		{B960F8D7-25B3-46E9-A95C-E539192B5744}.Debug|Any CPU.ActiveCfg = Debug|Any CPU
		{B960F8D7-25B3-46E9-A95C-E539192B5744}.Debug|Any CPU.Build.0 = Debug|Any CPU
		{B960F8D7-25B3-46E9-A95C-E539192B5744}.Debug|iPhone.ActiveCfg = Debug|Any CPU
		{B960F8D7-25B3-46E9-A95C-E539192B5744}.Debug|iPhone.Build.0 = Debug|Any CPU
		{B960F8D7-25B3-46E9-A95C-E539192B5744}.Debug|iPhoneSimulator.ActiveCfg = Debug|Any CPU
		{B960F8D7-25B3-46E9-A95C-E539192B5744}.Debug|iPhoneSimulator.Build.0 = Debug|Any CPU
		{B960F8D7-25B3-46E9-A95C-E539192B5744}.Release|Any CPU.ActiveCfg = Release|Any CPU
		{B960F8D7-25B3-46E9-A95C-E539192B5744}.Release|Any CPU.Build.0 = Release|Any CPU
		{B960F8D7-25B3-46E9-A95C-E539192B5744}.Release|iPhone.ActiveCfg = Release|Any CPU
		{B960F8D7-25B3-46E9-A95C-E539192B5744}.Release|iPhone.Build.0 = Release|Any CPU
		{B960F8D7-25B3-46E9-A95C-E539192B5744}.Release|iPhoneSimulator.ActiveCfg = Release|Any CPU
		{B960F8D7-25B3-46E9-A95C-E539192B5744}.Release|iPhoneSimulator.Build.0 = Release|Any CPU
		{F86E3A30-8D79-4E77-BB8A-F05A904DC942}.Debug|Any CPU.ActiveCfg = Debug|Any CPU
		{F86E3A30-8D79-4E77-BB8A-F05A904DC942}.Debug|Any CPU.Build.0 = Debug|Any CPU
		{F86E3A30-8D79-4E77-BB8A-F05A904DC942}.Debug|iPhone.ActiveCfg = Debug|Any CPU
		{F86E3A30-8D79-4E77-BB8A-F05A904DC942}.Debug|iPhone.Build.0 = Debug|Any CPU
		{F86E3A30-8D79-4E77-BB8A-F05A904DC942}.Debug|iPhoneSimulator.ActiveCfg = Debug|Any CPU
		{F86E3A30-8D79-4E77-BB8A-F05A904DC942}.Debug|iPhoneSimulator.Build.0 = Debug|Any CPU
		{F86E3A30-8D79-4E77-BB8A-F05A904DC942}.Release|Any CPU.ActiveCfg = Release|Any CPU
		{F86E3A30-8D79-4E77-BB8A-F05A904DC942}.Release|Any CPU.Build.0 = Release|Any CPU
		{F86E3A30-8D79-4E77-BB8A-F05A904DC942}.Release|iPhone.ActiveCfg = Release|Any CPU
		{F86E3A30-8D79-4E77-BB8A-F05A904DC942}.Release|iPhone.Build.0 = Release|Any CPU
		{F86E3A30-8D79-4E77-BB8A-F05A904DC942}.Release|iPhoneSimulator.ActiveCfg = Release|Any CPU
		{F86E3A30-8D79-4E77-BB8A-F05A904DC942}.Release|iPhoneSimulator.Build.0 = Release|Any CPU
		{12BE5947-A64A-4968-96A6-5CA3CE36C244}.Debug|Any CPU.ActiveCfg = Debug|iPhoneSimulator
		{12BE5947-A64A-4968-96A6-5CA3CE36C244}.Debug|Any CPU.Build.0 = Debug|iPhoneSimulator
		{12BE5947-A64A-4968-96A6-5CA3CE36C244}.Debug|iPhone.ActiveCfg = Debug|iPhone
		{12BE5947-A64A-4968-96A6-5CA3CE36C244}.Debug|iPhone.Build.0 = Debug|iPhone
		{12BE5947-A64A-4968-96A6-5CA3CE36C244}.Debug|iPhoneSimulator.ActiveCfg = Debug|iPhoneSimulator
		{12BE5947-A64A-4968-96A6-5CA3CE36C244}.Debug|iPhoneSimulator.Build.0 = Debug|iPhoneSimulator
		{12BE5947-A64A-4968-96A6-5CA3CE36C244}.Release|Any CPU.ActiveCfg = Release|iPhoneSimulator
		{12BE5947-A64A-4968-96A6-5CA3CE36C244}.Release|Any CPU.Build.0 = Release|iPhoneSimulator
		{12BE5947-A64A-4968-96A6-5CA3CE36C244}.Release|iPhone.ActiveCfg = Release|iPhone
		{12BE5947-A64A-4968-96A6-5CA3CE36C244}.Release|iPhone.Build.0 = Release|iPhone
		{12BE5947-A64A-4968-96A6-5CA3CE36C244}.Release|iPhoneSimulator.ActiveCfg = Release|iPhoneSimulator
		{12BE5947-A64A-4968-96A6-5CA3CE36C244}.Release|iPhoneSimulator.Build.0 = Release|iPhoneSimulator
		{18EF3C1F-C3B0-4A4D-8929-86F54E9491AA}.Debug|Any CPU.ActiveCfg = Debug|Any CPU
		{18EF3C1F-C3B0-4A4D-8929-86F54E9491AA}.Debug|Any CPU.Build.0 = Debug|Any CPU
		{18EF3C1F-C3B0-4A4D-8929-86F54E9491AA}.Debug|iPhone.ActiveCfg = Debug|Any CPU
		{18EF3C1F-C3B0-4A4D-8929-86F54E9491AA}.Debug|iPhone.Build.0 = Debug|Any CPU
		{18EF3C1F-C3B0-4A4D-8929-86F54E9491AA}.Debug|iPhoneSimulator.ActiveCfg = Debug|Any CPU
		{18EF3C1F-C3B0-4A4D-8929-86F54E9491AA}.Debug|iPhoneSimulator.Build.0 = Debug|Any CPU
		{18EF3C1F-C3B0-4A4D-8929-86F54E9491AA}.Release|Any CPU.ActiveCfg = Release|Any CPU
		{18EF3C1F-C3B0-4A4D-8929-86F54E9491AA}.Release|Any CPU.Build.0 = Release|Any CPU
		{18EF3C1F-C3B0-4A4D-8929-86F54E9491AA}.Release|iPhone.ActiveCfg = Release|Any CPU
		{18EF3C1F-C3B0-4A4D-8929-86F54E9491AA}.Release|iPhone.Build.0 = Release|Any CPU
		{18EF3C1F-C3B0-4A4D-8929-86F54E9491AA}.Release|iPhoneSimulator.ActiveCfg = Release|Any CPU
		{18EF3C1F-C3B0-4A4D-8929-86F54E9491AA}.Release|iPhoneSimulator.Build.0 = Release|Any CPU
		{C4AD509A-5B07-4509-8667-043291626006}.Debug|Any CPU.ActiveCfg = Debug|Any CPU
		{C4AD509A-5B07-4509-8667-043291626006}.Debug|Any CPU.Build.0 = Debug|Any CPU
		{C4AD509A-5B07-4509-8667-043291626006}.Debug|iPhone.ActiveCfg = Debug|Any CPU
		{C4AD509A-5B07-4509-8667-043291626006}.Debug|iPhone.Build.0 = Debug|Any CPU
		{C4AD509A-5B07-4509-8667-043291626006}.Debug|iPhoneSimulator.ActiveCfg = Debug|Any CPU
		{C4AD509A-5B07-4509-8667-043291626006}.Debug|iPhoneSimulator.Build.0 = Debug|Any CPU
		{C4AD509A-5B07-4509-8667-043291626006}.Release|Any CPU.ActiveCfg = Release|Any CPU
		{C4AD509A-5B07-4509-8667-043291626006}.Release|Any CPU.Build.0 = Release|Any CPU
		{C4AD509A-5B07-4509-8667-043291626006}.Release|iPhone.ActiveCfg = Release|Any CPU
		{C4AD509A-5B07-4509-8667-043291626006}.Release|iPhone.Build.0 = Release|Any CPU
		{C4AD509A-5B07-4509-8667-043291626006}.Release|iPhoneSimulator.ActiveCfg = Release|Any CPU
		{C4AD509A-5B07-4509-8667-043291626006}.Release|iPhoneSimulator.Build.0 = Release|Any CPU
		{63E0DB48-2173-405F-8D05-CCFA9C4E1685}.Debug|Any CPU.ActiveCfg = Debug|Any CPU
		{63E0DB48-2173-405F-8D05-CCFA9C4E1685}.Debug|Any CPU.Build.0 = Debug|Any CPU
		{63E0DB48-2173-405F-8D05-CCFA9C4E1685}.Debug|iPhone.ActiveCfg = Debug|Any CPU
		{63E0DB48-2173-405F-8D05-CCFA9C4E1685}.Debug|iPhone.Build.0 = Debug|Any CPU
		{63E0DB48-2173-405F-8D05-CCFA9C4E1685}.Debug|iPhoneSimulator.ActiveCfg = Debug|Any CPU
		{63E0DB48-2173-405F-8D05-CCFA9C4E1685}.Debug|iPhoneSimulator.Build.0 = Debug|Any CPU
		{63E0DB48-2173-405F-8D05-CCFA9C4E1685}.Release|Any CPU.ActiveCfg = Release|Any CPU
		{63E0DB48-2173-405F-8D05-CCFA9C4E1685}.Release|Any CPU.Build.0 = Release|Any CPU
		{63E0DB48-2173-405F-8D05-CCFA9C4E1685}.Release|iPhone.ActiveCfg = Release|Any CPU
		{63E0DB48-2173-405F-8D05-CCFA9C4E1685}.Release|iPhone.Build.0 = Release|Any CPU
		{63E0DB48-2173-405F-8D05-CCFA9C4E1685}.Release|iPhoneSimulator.ActiveCfg = Release|Any CPU
		{63E0DB48-2173-405F-8D05-CCFA9C4E1685}.Release|iPhoneSimulator.Build.0 = Release|Any CPU
		{C43DEC68-4787-4653-9017-959465340A05}.Debug|Any CPU.ActiveCfg = Debug|Any CPU
		{C43DEC68-4787-4653-9017-959465340A05}.Debug|Any CPU.Build.0 = Debug|Any CPU
		{C43DEC68-4787-4653-9017-959465340A05}.Debug|iPhone.ActiveCfg = Debug|Any CPU
		{C43DEC68-4787-4653-9017-959465340A05}.Debug|iPhone.Build.0 = Debug|Any CPU
		{C43DEC68-4787-4653-9017-959465340A05}.Debug|iPhoneSimulator.ActiveCfg = Debug|Any CPU
		{C43DEC68-4787-4653-9017-959465340A05}.Debug|iPhoneSimulator.Build.0 = Debug|Any CPU
		{C43DEC68-4787-4653-9017-959465340A05}.Release|Any CPU.ActiveCfg = Release|Any CPU
		{C43DEC68-4787-4653-9017-959465340A05}.Release|Any CPU.Build.0 = Release|Any CPU
		{C43DEC68-4787-4653-9017-959465340A05}.Release|iPhone.ActiveCfg = Release|Any CPU
		{C43DEC68-4787-4653-9017-959465340A05}.Release|iPhone.Build.0 = Release|Any CPU
		{C43DEC68-4787-4653-9017-959465340A05}.Release|iPhoneSimulator.ActiveCfg = Release|Any CPU
		{C43DEC68-4787-4653-9017-959465340A05}.Release|iPhoneSimulator.Build.0 = Release|Any CPU
		{F2F87FCA-EE86-4E72-B4B7-923A77A84E47}.Debug|Any CPU.ActiveCfg = Debug|Any CPU
		{F2F87FCA-EE86-4E72-B4B7-923A77A84E47}.Debug|Any CPU.Build.0 = Debug|Any CPU
		{F2F87FCA-EE86-4E72-B4B7-923A77A84E47}.Debug|iPhone.ActiveCfg = Debug|Any CPU
		{F2F87FCA-EE86-4E72-B4B7-923A77A84E47}.Debug|iPhone.Build.0 = Debug|Any CPU
		{F2F87FCA-EE86-4E72-B4B7-923A77A84E47}.Debug|iPhoneSimulator.ActiveCfg = Debug|Any CPU
		{F2F87FCA-EE86-4E72-B4B7-923A77A84E47}.Debug|iPhoneSimulator.Build.0 = Debug|Any CPU
		{F2F87FCA-EE86-4E72-B4B7-923A77A84E47}.Release|Any CPU.ActiveCfg = Release|Any CPU
		{F2F87FCA-EE86-4E72-B4B7-923A77A84E47}.Release|Any CPU.Build.0 = Release|Any CPU
		{F2F87FCA-EE86-4E72-B4B7-923A77A84E47}.Release|iPhone.ActiveCfg = Release|Any CPU
		{F2F87FCA-EE86-4E72-B4B7-923A77A84E47}.Release|iPhone.Build.0 = Release|Any CPU
		{F2F87FCA-EE86-4E72-B4B7-923A77A84E47}.Release|iPhoneSimulator.ActiveCfg = Release|Any CPU
		{F2F87FCA-EE86-4E72-B4B7-923A77A84E47}.Release|iPhoneSimulator.Build.0 = Release|Any CPU
		{9DF36DBF-AFE6-438D-B7A6-1B5FB3D1D6D1}.Debug|Any CPU.ActiveCfg = Debug|Any CPU
		{9DF36DBF-AFE6-438D-B7A6-1B5FB3D1D6D1}.Debug|Any CPU.Build.0 = Debug|Any CPU
		{9DF36DBF-AFE6-438D-B7A6-1B5FB3D1D6D1}.Debug|iPhone.ActiveCfg = Debug|Any CPU
		{9DF36DBF-AFE6-438D-B7A6-1B5FB3D1D6D1}.Debug|iPhone.Build.0 = Debug|Any CPU
		{9DF36DBF-AFE6-438D-B7A6-1B5FB3D1D6D1}.Debug|iPhoneSimulator.ActiveCfg = Debug|Any CPU
		{9DF36DBF-AFE6-438D-B7A6-1B5FB3D1D6D1}.Debug|iPhoneSimulator.Build.0 = Debug|Any CPU
		{9DF36DBF-AFE6-438D-B7A6-1B5FB3D1D6D1}.Release|Any CPU.ActiveCfg = Release|Any CPU
		{9DF36DBF-AFE6-438D-B7A6-1B5FB3D1D6D1}.Release|Any CPU.Build.0 = Release|Any CPU
		{9DF36DBF-AFE6-438D-B7A6-1B5FB3D1D6D1}.Release|iPhone.ActiveCfg = Release|Any CPU
		{9DF36DBF-AFE6-438D-B7A6-1B5FB3D1D6D1}.Release|iPhone.Build.0 = Release|Any CPU
		{9DF36DBF-AFE6-438D-B7A6-1B5FB3D1D6D1}.Release|iPhoneSimulator.ActiveCfg = Release|Any CPU
		{9DF36DBF-AFE6-438D-B7A6-1B5FB3D1D6D1}.Release|iPhoneSimulator.Build.0 = Release|Any CPU
		{CC766EBA-D4BC-4460-805D-5041C10A70EE}.Debug|Any CPU.ActiveCfg = Debug|Any CPU
		{CC766EBA-D4BC-4460-805D-5041C10A70EE}.Debug|Any CPU.Build.0 = Debug|Any CPU
		{CC766EBA-D4BC-4460-805D-5041C10A70EE}.Debug|iPhone.ActiveCfg = Debug|Any CPU
		{CC766EBA-D4BC-4460-805D-5041C10A70EE}.Debug|iPhone.Build.0 = Debug|Any CPU
		{CC766EBA-D4BC-4460-805D-5041C10A70EE}.Debug|iPhoneSimulator.ActiveCfg = Debug|Any CPU
		{CC766EBA-D4BC-4460-805D-5041C10A70EE}.Debug|iPhoneSimulator.Build.0 = Debug|Any CPU
		{CC766EBA-D4BC-4460-805D-5041C10A70EE}.Release|Any CPU.ActiveCfg = Release|Any CPU
		{CC766EBA-D4BC-4460-805D-5041C10A70EE}.Release|Any CPU.Build.0 = Release|Any CPU
		{CC766EBA-D4BC-4460-805D-5041C10A70EE}.Release|iPhone.ActiveCfg = Release|Any CPU
		{CC766EBA-D4BC-4460-805D-5041C10A70EE}.Release|iPhone.Build.0 = Release|Any CPU
		{CC766EBA-D4BC-4460-805D-5041C10A70EE}.Release|iPhoneSimulator.ActiveCfg = Release|Any CPU
		{CC766EBA-D4BC-4460-805D-5041C10A70EE}.Release|iPhoneSimulator.Build.0 = Release|Any CPU
		{4737E610-5890-4A1C-B1A1-BAA3C18A4E15}.Debug|Any CPU.ActiveCfg = Debug|Any CPU
		{4737E610-5890-4A1C-B1A1-BAA3C18A4E15}.Debug|Any CPU.Build.0 = Debug|Any CPU
		{4737E610-5890-4A1C-B1A1-BAA3C18A4E15}.Debug|iPhone.ActiveCfg = Debug|Any CPU
		{4737E610-5890-4A1C-B1A1-BAA3C18A4E15}.Debug|iPhone.Build.0 = Debug|Any CPU
		{4737E610-5890-4A1C-B1A1-BAA3C18A4E15}.Debug|iPhoneSimulator.ActiveCfg = Debug|Any CPU
		{4737E610-5890-4A1C-B1A1-BAA3C18A4E15}.Debug|iPhoneSimulator.Build.0 = Debug|Any CPU
		{4737E610-5890-4A1C-B1A1-BAA3C18A4E15}.Release|Any CPU.ActiveCfg = Release|Any CPU
		{4737E610-5890-4A1C-B1A1-BAA3C18A4E15}.Release|Any CPU.Build.0 = Release|Any CPU
		{4737E610-5890-4A1C-B1A1-BAA3C18A4E15}.Release|iPhone.ActiveCfg = Release|Any CPU
		{4737E610-5890-4A1C-B1A1-BAA3C18A4E15}.Release|iPhone.Build.0 = Release|Any CPU
		{4737E610-5890-4A1C-B1A1-BAA3C18A4E15}.Release|iPhoneSimulator.ActiveCfg = Release|Any CPU
		{4737E610-5890-4A1C-B1A1-BAA3C18A4E15}.Release|iPhoneSimulator.Build.0 = Release|Any CPU
		{03B8011B-4577-45E6-AA05-4F9E4FFD3C07}.Debug|Any CPU.ActiveCfg = Debug|Any CPU
		{03B8011B-4577-45E6-AA05-4F9E4FFD3C07}.Debug|Any CPU.Build.0 = Debug|Any CPU
		{03B8011B-4577-45E6-AA05-4F9E4FFD3C07}.Debug|iPhone.ActiveCfg = Debug|Any CPU
		{03B8011B-4577-45E6-AA05-4F9E4FFD3C07}.Debug|iPhone.Build.0 = Debug|Any CPU
		{03B8011B-4577-45E6-AA05-4F9E4FFD3C07}.Debug|iPhoneSimulator.ActiveCfg = Debug|Any CPU
		{03B8011B-4577-45E6-AA05-4F9E4FFD3C07}.Debug|iPhoneSimulator.Build.0 = Debug|Any CPU
		{03B8011B-4577-45E6-AA05-4F9E4FFD3C07}.Release|Any CPU.ActiveCfg = Release|Any CPU
		{03B8011B-4577-45E6-AA05-4F9E4FFD3C07}.Release|Any CPU.Build.0 = Release|Any CPU
		{03B8011B-4577-45E6-AA05-4F9E4FFD3C07}.Release|iPhone.ActiveCfg = Release|Any CPU
		{03B8011B-4577-45E6-AA05-4F9E4FFD3C07}.Release|iPhone.Build.0 = Release|Any CPU
		{03B8011B-4577-45E6-AA05-4F9E4FFD3C07}.Release|iPhoneSimulator.ActiveCfg = Release|Any CPU
		{03B8011B-4577-45E6-AA05-4F9E4FFD3C07}.Release|iPhoneSimulator.Build.0 = Release|Any CPU
		{A47AB82A-C392-4649-ABFA-2288DB7E8EBC}.Debug|Any CPU.ActiveCfg = Debug|Any CPU
		{A47AB82A-C392-4649-ABFA-2288DB7E8EBC}.Debug|Any CPU.Build.0 = Debug|Any CPU
		{A47AB82A-C392-4649-ABFA-2288DB7E8EBC}.Debug|iPhone.ActiveCfg = Debug|Any CPU
		{A47AB82A-C392-4649-ABFA-2288DB7E8EBC}.Debug|iPhone.Build.0 = Debug|Any CPU
		{A47AB82A-C392-4649-ABFA-2288DB7E8EBC}.Debug|iPhoneSimulator.ActiveCfg = Debug|Any CPU
		{A47AB82A-C392-4649-ABFA-2288DB7E8EBC}.Debug|iPhoneSimulator.Build.0 = Debug|Any CPU
		{A47AB82A-C392-4649-ABFA-2288DB7E8EBC}.Release|Any CPU.ActiveCfg = Release|Any CPU
		{A47AB82A-C392-4649-ABFA-2288DB7E8EBC}.Release|Any CPU.Build.0 = Release|Any CPU
		{A47AB82A-C392-4649-ABFA-2288DB7E8EBC}.Release|iPhone.ActiveCfg = Release|Any CPU
		{A47AB82A-C392-4649-ABFA-2288DB7E8EBC}.Release|iPhone.Build.0 = Release|Any CPU
		{A47AB82A-C392-4649-ABFA-2288DB7E8EBC}.Release|iPhoneSimulator.ActiveCfg = Release|Any CPU
		{A47AB82A-C392-4649-ABFA-2288DB7E8EBC}.Release|iPhoneSimulator.Build.0 = Release|Any CPU
		{3DD63361-AE4C-49C4-B1A0-5D87B8B88E13}.Debug|Any CPU.ActiveCfg = Debug|Any CPU
		{3DD63361-AE4C-49C4-B1A0-5D87B8B88E13}.Debug|Any CPU.Build.0 = Debug|Any CPU
		{3DD63361-AE4C-49C4-B1A0-5D87B8B88E13}.Debug|iPhone.ActiveCfg = Debug|Any CPU
		{3DD63361-AE4C-49C4-B1A0-5D87B8B88E13}.Debug|iPhone.Build.0 = Debug|Any CPU
		{3DD63361-AE4C-49C4-B1A0-5D87B8B88E13}.Debug|iPhoneSimulator.ActiveCfg = Debug|Any CPU
		{3DD63361-AE4C-49C4-B1A0-5D87B8B88E13}.Debug|iPhoneSimulator.Build.0 = Debug|Any CPU
		{3DD63361-AE4C-49C4-B1A0-5D87B8B88E13}.Release|Any CPU.ActiveCfg = Release|Any CPU
		{3DD63361-AE4C-49C4-B1A0-5D87B8B88E13}.Release|Any CPU.Build.0 = Release|Any CPU
		{3DD63361-AE4C-49C4-B1A0-5D87B8B88E13}.Release|iPhone.ActiveCfg = Release|Any CPU
		{3DD63361-AE4C-49C4-B1A0-5D87B8B88E13}.Release|iPhone.Build.0 = Release|Any CPU
		{3DD63361-AE4C-49C4-B1A0-5D87B8B88E13}.Release|iPhoneSimulator.ActiveCfg = Release|Any CPU
		{3DD63361-AE4C-49C4-B1A0-5D87B8B88E13}.Release|iPhoneSimulator.Build.0 = Release|Any CPU
		{0D08C850-C3A9-432A-A8E6-C443C67C60E9}.Debug|Any CPU.ActiveCfg = Debug|Any CPU
		{0D08C850-C3A9-432A-A8E6-C443C67C60E9}.Debug|Any CPU.Build.0 = Debug|Any CPU
		{0D08C850-C3A9-432A-A8E6-C443C67C60E9}.Debug|iPhone.ActiveCfg = Debug|Any CPU
		{0D08C850-C3A9-432A-A8E6-C443C67C60E9}.Debug|iPhone.Build.0 = Debug|Any CPU
		{0D08C850-C3A9-432A-A8E6-C443C67C60E9}.Debug|iPhoneSimulator.ActiveCfg = Debug|Any CPU
		{0D08C850-C3A9-432A-A8E6-C443C67C60E9}.Debug|iPhoneSimulator.Build.0 = Debug|Any CPU
		{0D08C850-C3A9-432A-A8E6-C443C67C60E9}.Release|Any CPU.ActiveCfg = Release|Any CPU
		{0D08C850-C3A9-432A-A8E6-C443C67C60E9}.Release|Any CPU.Build.0 = Release|Any CPU
		{0D08C850-C3A9-432A-A8E6-C443C67C60E9}.Release|iPhone.ActiveCfg = Release|Any CPU
		{0D08C850-C3A9-432A-A8E6-C443C67C60E9}.Release|iPhone.Build.0 = Release|Any CPU
		{0D08C850-C3A9-432A-A8E6-C443C67C60E9}.Release|iPhoneSimulator.ActiveCfg = Release|Any CPU
		{0D08C850-C3A9-432A-A8E6-C443C67C60E9}.Release|iPhoneSimulator.Build.0 = Release|Any CPU
	EndGlobalSection
	GlobalSection(SolutionProperties) = preSolution
		HideSolutionNode = FALSE
	EndGlobalSection
	GlobalSection(NestedProjects) = preSolution
		{DE1BA22F-7E7B-40EC-9301-8E02A9A25E0A} = {A945EE6E-34D6-4FE3-A8CE-45F2F374188D}
		{6EC9CA25-09ED-4F80-8D23-39FB28294A3E} = {534265F2-412C-42BF-B5B5-9940D1F5F4DA}
		{B7A0E6E6-0674-4DED-BC9B-7CED0184104B} = {534265F2-412C-42BF-B5B5-9940D1F5F4DA}
		{F86E3A30-8D79-4E77-BB8A-F05A904DC942} = {DA8A695F-68D7-4858-96D0-1AC0BCC5EA5D}
		{12BE5947-A64A-4968-96A6-5CA3CE36C244} = {DA8A695F-68D7-4858-96D0-1AC0BCC5EA5D}
		{18EF3C1F-C3B0-4A4D-8929-86F54E9491AA} = {F36B5545-F798-4371-A17C-B0CB5EE1C76B}
		{D7B239B7-2883-4B53-8873-5A3DD82578AC} = {F36B5545-F798-4371-A17C-B0CB5EE1C76B}
		{4F101B9A-EF2C-47B6-B7E0-007FE8B97168} = {6EA10C36-41FC-4FDF-B3F7-1F2828ABC896}
		{C4AD509A-5B07-4509-8667-043291626006} = {534265F2-412C-42BF-B5B5-9940D1F5F4DA}
		{63E0DB48-2173-405F-8D05-CCFA9C4E1685} = {6EA10C36-41FC-4FDF-B3F7-1F2828ABC896}
		{9DF36DBF-AFE6-438D-B7A6-1B5FB3D1D6D1} = {A945EE6E-34D6-4FE3-A8CE-45F2F374188D}
		{CC766EBA-D4BC-4460-805D-5041C10A70EE} = {534265F2-412C-42BF-B5B5-9940D1F5F4DA}
		{4737E610-5890-4A1C-B1A1-BAA3C18A4E15} = {E713C139-14CB-4B95-950C-CB1183BA19DD}
		{03B8011B-4577-45E6-AA05-4F9E4FFD3C07} = {E713C139-14CB-4B95-950C-CB1183BA19DD}
		{A47AB82A-C392-4649-ABFA-2288DB7E8EBC} = {A945EE6E-34D6-4FE3-A8CE-45F2F374188D}
		{3DD63361-AE4C-49C4-B1A0-5D87B8B88E13} = {DA8A695F-68D7-4858-96D0-1AC0BCC5EA5D}
		{0D08C850-C3A9-432A-A8E6-C443C67C60E9} = {F36B5545-F798-4371-A17C-B0CB5EE1C76B}
	EndGlobalSection
	GlobalSection(ExtensibilityGlobals) = postSolution
		SolutionGuid = {E21E1431-5EEF-4039-AD8E-29E3E3E49AD0}
	EndGlobalSection
EndGlobal
