
Microsoft Visual Studio Solution File, Format Version 12.00
# Visual Studio 15
Project("{2150E333-8FDC-42A3-9474-1A3956D46DE8}") = "HotUI", "HotUI", "{A945EE6E-34D6-4FE3-A8CE-45F2F374188D}"
EndProject
Project("{FAE04EC0-301F-11D3-BF4B-00C04F79EFBC}") = "HotUI", "..\HotUI\src\HotUI\HotUI.csproj", "{DE1BA22F-7E7B-40EC-9301-8E02A9A25E0A}"
EndProject
Project("{2150E333-8FDC-42A3-9474-1A3956D46DE8}") = "IDE", "IDE", "{6EA10C36-41FC-4FDF-B3F7-1F2828ABC896}"
EndProject
Project("{2150E333-8FDC-42A3-9474-1A3956D46DE8}") = "Platforms", "Platforms", "{534265F2-412C-42BF-B5B5-9940D1F5F4DA}"
EndProject
Project("{FAE04EC0-301F-11D3-BF4B-00C04F79EFBC}") = "HotUI.Reload.Android", "HotUI.Reload.Android\HotUI.Reload.Android.csproj", "{589D34A5-BC15-4CEF-856A-1CD61E7D77A3}"
EndProject
Project("{D954291E-2A0B-460D-934E-DC6B0785DB48}") = "HotUI.Reload.Client", "HotUI.Reload.Client\HotUI.Reload.Client.shproj", "{6EC9CA25-09ED-4F80-8D23-39FB28294A3E}"
EndProject
Project("{FAE04EC0-301F-11D3-BF4B-00C04F79EFBC}") = "HotUI.Reload.iOS", "HotUI.Reload.iOS\HotUI.Reload.iOS.csproj", "{CC766EBA-D4BC-4460-805D-5041C10A70EE}"
EndProject
Project("{FAE04EC0-301F-11D3-BF4B-00C04F79EFBC}") = "HotUI.Reload.Mac", "HotUI.Reload.Mac\HotUI.Reload.Mac.csproj", "{CBB35C0A-66D3-4E1B-B51D-197B8FAE1806}"
EndProject
Project("{FAE04EC0-301F-11D3-BF4B-00C04F79EFBC}") = "HotUI.Reload.Net", "HotUI.Reload.Net\HotUI.Reload.Net.csproj", "{3E7CB267-98B2-44E0-863E-48080C805FF5}"
EndProject
Project("{FAE04EC0-301F-11D3-BF4B-00C04F79EFBC}") = "HotUI.Reload.Roslyn", "HotUI.Reload.Roslyn\HotUI.Reload.Roslyn.csproj", "{B7A0E6E6-0674-4DED-BC9B-7CED0184104B}"
EndProject
Project("{D954291E-2A0B-460D-934E-DC6B0785DB48}") = "HotUI.Reload.Core", "HotUI.Reload.Core\HotUI.Reload.Core.shproj", "{4AF14C8D-878A-4CB4-8B61-60A531AB358B}"
EndProject
Project("{FAE04EC0-301F-11D3-BF4B-00C04F79EFBC}") = "HotUI.Reload.Build.Tasks", "HotUI.Reload.Build\HotUI.Reload.Build.Tasks.csproj", "{B960F8D7-25B3-46E9-A95C-E539192B5744}"
EndProject
Project("{2150E333-8FDC-42A3-9474-1A3956D46DE8}") = "Samples", "Samples", "{DA8A695F-68D7-4858-96D0-1AC0BCC5EA5D}"
EndProject
Project("{FAE04EC0-301F-11D3-BF4B-00C04F79EFBC}") = "HotUI.Samples", "..\HotUI\sample\HotUI.Samples\HotUI.Samples.csproj", "{F86E3A30-8D79-4E77-BB8A-F05A904DC942}"
EndProject
Project("{FAE04EC0-301F-11D3-BF4B-00C04F79EFBC}") = "HotUI.iOS.Sample", "Samples\HotUI.iOS.Sample\HotUI.iOS.Sample.csproj", "{12BE5947-A64A-4968-96A6-5CA3CE36C244}"
EndProject
Project("{FAE04EC0-301F-11D3-BF4B-00C04F79EFBC}") = "HotUI.iOS", "..\HotUI\src\HotUI.iOS\HotUI.iOS.csproj", "{9DF36DBF-AFE6-438D-B7A6-1B5FB3D1D6D1}"
EndProject
Project("{FAE04EC0-301F-11D3-BF4B-00C04F79EFBC}") = "HotUI.Reload.VSMac", "HotUI.Reload.VSMac\HotUI.Reload.VSMac.csproj", "{A5855A2B-016E-4A5C-A457-E5B3B732405E}"
EndProject
Project("{2150E333-8FDC-42A3-9474-1A3956D46DE8}") = "Tests", "Tests", "{F36B5545-F798-4371-A17C-B0CB5EE1C76B}"
EndProject
Project("{FAE04EC0-301F-11D3-BF4B-00C04F79EFBC}") = "HotUI.Reload.Tests", "Tests\HotUI.Reload.Tests\HotUI.Reload.Tests.csproj", "{C6E7D0DF-824B-4A57-9BC0-AF7874E0E49B}"
EndProject
Project("{FAE04EC0-301F-11D3-BF4B-00C04F79EFBC}") = "HotUI.Reload.NetCore.Tests", "Tests\HotUI.Reload.NetCore.Tests\HotUI.Reload.NetCore.Tests.csproj", "{18EF3C1F-C3B0-4A4D-8929-86F54E9491AA}"
EndProject
Project("{D954291E-2A0B-460D-934E-DC6B0785DB48}") = "HotUI.Reload.Tests.Shared", "Tests\HotUI.Reload.Tests.Shared\HotUI.Reload.Tests.Shared.shproj", "{D7B239B7-2883-4B53-8873-5A3DD82578AC}"
EndProject
Global
	GlobalSection(SolutionConfigurationPlatforms) = preSolution
		Debug|Any CPU = Debug|Any CPU
		Release|Any CPU = Release|Any CPU
		Debug|iPhoneSimulator = Debug|iPhoneSimulator
		Release|iPhoneSimulator = Release|iPhoneSimulator
		Debug|iPhone = Debug|iPhone
		Release|iPhone = Release|iPhone
	EndGlobalSection
	GlobalSection(ProjectConfigurationPlatforms) = postSolution
		{DE1BA22F-7E7B-40EC-9301-8E02A9A25E0A}.Debug|Any CPU.ActiveCfg = Debug|Any CPU
		{DE1BA22F-7E7B-40EC-9301-8E02A9A25E0A}.Debug|Any CPU.Build.0 = Debug|Any CPU
		{DE1BA22F-7E7B-40EC-9301-8E02A9A25E0A}.Release|Any CPU.ActiveCfg = Release|Any CPU
		{DE1BA22F-7E7B-40EC-9301-8E02A9A25E0A}.Release|Any CPU.Build.0 = Release|Any CPU
		{DE1BA22F-7E7B-40EC-9301-8E02A9A25E0A}.Debug|iPhoneSimulator.ActiveCfg = Debug|Any CPU
		{DE1BA22F-7E7B-40EC-9301-8E02A9A25E0A}.Debug|iPhoneSimulator.Build.0 = Debug|Any CPU
		{DE1BA22F-7E7B-40EC-9301-8E02A9A25E0A}.Release|iPhoneSimulator.ActiveCfg = Release|Any CPU
		{DE1BA22F-7E7B-40EC-9301-8E02A9A25E0A}.Release|iPhoneSimulator.Build.0 = Release|Any CPU
		{DE1BA22F-7E7B-40EC-9301-8E02A9A25E0A}.Debug|iPhone.ActiveCfg = Debug|Any CPU
		{DE1BA22F-7E7B-40EC-9301-8E02A9A25E0A}.Debug|iPhone.Build.0 = Debug|Any CPU
		{DE1BA22F-7E7B-40EC-9301-8E02A9A25E0A}.Release|iPhone.ActiveCfg = Release|Any CPU
		{DE1BA22F-7E7B-40EC-9301-8E02A9A25E0A}.Release|iPhone.Build.0 = Release|Any CPU
		{589D34A5-BC15-4CEF-856A-1CD61E7D77A3}.Debug|Any CPU.ActiveCfg = Debug|Any CPU
		{589D34A5-BC15-4CEF-856A-1CD61E7D77A3}.Debug|Any CPU.Build.0 = Debug|Any CPU
		{589D34A5-BC15-4CEF-856A-1CD61E7D77A3}.Release|Any CPU.ActiveCfg = Release|Any CPU
		{589D34A5-BC15-4CEF-856A-1CD61E7D77A3}.Release|Any CPU.Build.0 = Release|Any CPU
		{589D34A5-BC15-4CEF-856A-1CD61E7D77A3}.Debug|iPhoneSimulator.ActiveCfg = Debug|Any CPU
		{589D34A5-BC15-4CEF-856A-1CD61E7D77A3}.Debug|iPhoneSimulator.Build.0 = Debug|Any CPU
		{589D34A5-BC15-4CEF-856A-1CD61E7D77A3}.Release|iPhoneSimulator.ActiveCfg = Release|Any CPU
		{589D34A5-BC15-4CEF-856A-1CD61E7D77A3}.Release|iPhoneSimulator.Build.0 = Release|Any CPU
		{589D34A5-BC15-4CEF-856A-1CD61E7D77A3}.Debug|iPhone.ActiveCfg = Debug|Any CPU
		{589D34A5-BC15-4CEF-856A-1CD61E7D77A3}.Debug|iPhone.Build.0 = Debug|Any CPU
		{589D34A5-BC15-4CEF-856A-1CD61E7D77A3}.Release|iPhone.ActiveCfg = Release|Any CPU
		{589D34A5-BC15-4CEF-856A-1CD61E7D77A3}.Release|iPhone.Build.0 = Release|Any CPU
		{CC766EBA-D4BC-4460-805D-5041C10A70EE}.Debug|Any CPU.ActiveCfg = Debug|Any CPU
		{CC766EBA-D4BC-4460-805D-5041C10A70EE}.Debug|Any CPU.Build.0 = Debug|Any CPU
		{CC766EBA-D4BC-4460-805D-5041C10A70EE}.Release|Any CPU.ActiveCfg = Release|Any CPU
		{CC766EBA-D4BC-4460-805D-5041C10A70EE}.Release|Any CPU.Build.0 = Release|Any CPU
		{CC766EBA-D4BC-4460-805D-5041C10A70EE}.Debug|iPhoneSimulator.ActiveCfg = Debug|Any CPU
		{CC766EBA-D4BC-4460-805D-5041C10A70EE}.Debug|iPhoneSimulator.Build.0 = Debug|Any CPU
		{CC766EBA-D4BC-4460-805D-5041C10A70EE}.Release|iPhoneSimulator.ActiveCfg = Release|Any CPU
		{CC766EBA-D4BC-4460-805D-5041C10A70EE}.Release|iPhoneSimulator.Build.0 = Release|Any CPU
		{CC766EBA-D4BC-4460-805D-5041C10A70EE}.Debug|iPhone.ActiveCfg = Debug|Any CPU
		{CC766EBA-D4BC-4460-805D-5041C10A70EE}.Debug|iPhone.Build.0 = Debug|Any CPU
		{CC766EBA-D4BC-4460-805D-5041C10A70EE}.Release|iPhone.ActiveCfg = Release|Any CPU
		{CC766EBA-D4BC-4460-805D-5041C10A70EE}.Release|iPhone.Build.0 = Release|Any CPU
		{CBB35C0A-66D3-4E1B-B51D-197B8FAE1806}.Debug|Any CPU.ActiveCfg = Debug|Any CPU
		{CBB35C0A-66D3-4E1B-B51D-197B8FAE1806}.Debug|Any CPU.Build.0 = Debug|Any CPU
		{CBB35C0A-66D3-4E1B-B51D-197B8FAE1806}.Release|Any CPU.ActiveCfg = Release|Any CPU
		{CBB35C0A-66D3-4E1B-B51D-197B8FAE1806}.Release|Any CPU.Build.0 = Release|Any CPU
		{CBB35C0A-66D3-4E1B-B51D-197B8FAE1806}.Debug|iPhoneSimulator.ActiveCfg = Debug|Any CPU
		{CBB35C0A-66D3-4E1B-B51D-197B8FAE1806}.Debug|iPhoneSimulator.Build.0 = Debug|Any CPU
		{CBB35C0A-66D3-4E1B-B51D-197B8FAE1806}.Release|iPhoneSimulator.ActiveCfg = Release|Any CPU
		{CBB35C0A-66D3-4E1B-B51D-197B8FAE1806}.Release|iPhoneSimulator.Build.0 = Release|Any CPU
		{CBB35C0A-66D3-4E1B-B51D-197B8FAE1806}.Debug|iPhone.ActiveCfg = Debug|Any CPU
		{CBB35C0A-66D3-4E1B-B51D-197B8FAE1806}.Debug|iPhone.Build.0 = Debug|Any CPU
		{CBB35C0A-66D3-4E1B-B51D-197B8FAE1806}.Release|iPhone.ActiveCfg = Release|Any CPU
		{CBB35C0A-66D3-4E1B-B51D-197B8FAE1806}.Release|iPhone.Build.0 = Release|Any CPU
		{3E7CB267-98B2-44E0-863E-48080C805FF5}.Debug|Any CPU.ActiveCfg = Debug|Any CPU
		{3E7CB267-98B2-44E0-863E-48080C805FF5}.Debug|Any CPU.Build.0 = Debug|Any CPU
		{3E7CB267-98B2-44E0-863E-48080C805FF5}.Release|Any CPU.ActiveCfg = Release|Any CPU
		{3E7CB267-98B2-44E0-863E-48080C805FF5}.Release|Any CPU.Build.0 = Release|Any CPU
		{3E7CB267-98B2-44E0-863E-48080C805FF5}.Debug|iPhoneSimulator.ActiveCfg = Debug|Any CPU
		{3E7CB267-98B2-44E0-863E-48080C805FF5}.Debug|iPhoneSimulator.Build.0 = Debug|Any CPU
		{3E7CB267-98B2-44E0-863E-48080C805FF5}.Release|iPhoneSimulator.ActiveCfg = Release|Any CPU
		{3E7CB267-98B2-44E0-863E-48080C805FF5}.Release|iPhoneSimulator.Build.0 = Release|Any CPU
		{3E7CB267-98B2-44E0-863E-48080C805FF5}.Debug|iPhone.ActiveCfg = Debug|Any CPU
		{3E7CB267-98B2-44E0-863E-48080C805FF5}.Debug|iPhone.Build.0 = Debug|Any CPU
		{3E7CB267-98B2-44E0-863E-48080C805FF5}.Release|iPhone.ActiveCfg = Release|Any CPU
		{3E7CB267-98B2-44E0-863E-48080C805FF5}.Release|iPhone.Build.0 = Release|Any CPU
		{B7A0E6E6-0674-4DED-BC9B-7CED0184104B}.Debug|Any CPU.ActiveCfg = Debug|Any CPU
		{B7A0E6E6-0674-4DED-BC9B-7CED0184104B}.Debug|Any CPU.Build.0 = Debug|Any CPU
		{B7A0E6E6-0674-4DED-BC9B-7CED0184104B}.Release|Any CPU.ActiveCfg = Release|Any CPU
		{B7A0E6E6-0674-4DED-BC9B-7CED0184104B}.Release|Any CPU.Build.0 = Release|Any CPU
		{B7A0E6E6-0674-4DED-BC9B-7CED0184104B}.Debug|iPhoneSimulator.ActiveCfg = Debug|Any CPU
		{B7A0E6E6-0674-4DED-BC9B-7CED0184104B}.Debug|iPhoneSimulator.Build.0 = Debug|Any CPU
		{B7A0E6E6-0674-4DED-BC9B-7CED0184104B}.Release|iPhoneSimulator.ActiveCfg = Release|Any CPU
		{B7A0E6E6-0674-4DED-BC9B-7CED0184104B}.Release|iPhoneSimulator.Build.0 = Release|Any CPU
		{B7A0E6E6-0674-4DED-BC9B-7CED0184104B}.Debug|iPhone.ActiveCfg = Debug|Any CPU
		{B7A0E6E6-0674-4DED-BC9B-7CED0184104B}.Debug|iPhone.Build.0 = Debug|Any CPU
		{B7A0E6E6-0674-4DED-BC9B-7CED0184104B}.Release|iPhone.ActiveCfg = Release|Any CPU
		{B7A0E6E6-0674-4DED-BC9B-7CED0184104B}.Release|iPhone.Build.0 = Release|Any CPU
		{B960F8D7-25B3-46E9-A95C-E539192B5744}.Debug|Any CPU.ActiveCfg = Debug|Any CPU
		{B960F8D7-25B3-46E9-A95C-E539192B5744}.Debug|Any CPU.Build.0 = Debug|Any CPU
		{B960F8D7-25B3-46E9-A95C-E539192B5744}.Release|Any CPU.ActiveCfg = Release|Any CPU
		{B960F8D7-25B3-46E9-A95C-E539192B5744}.Release|Any CPU.Build.0 = Release|Any CPU
		{B960F8D7-25B3-46E9-A95C-E539192B5744}.Debug|iPhoneSimulator.ActiveCfg = Debug|Any CPU
		{B960F8D7-25B3-46E9-A95C-E539192B5744}.Debug|iPhoneSimulator.Build.0 = Debug|Any CPU
		{B960F8D7-25B3-46E9-A95C-E539192B5744}.Release|iPhoneSimulator.ActiveCfg = Release|Any CPU
		{B960F8D7-25B3-46E9-A95C-E539192B5744}.Release|iPhoneSimulator.Build.0 = Release|Any CPU
		{B960F8D7-25B3-46E9-A95C-E539192B5744}.Debug|iPhone.ActiveCfg = Debug|Any CPU
		{B960F8D7-25B3-46E9-A95C-E539192B5744}.Debug|iPhone.Build.0 = Debug|Any CPU
		{B960F8D7-25B3-46E9-A95C-E539192B5744}.Release|iPhone.ActiveCfg = Release|Any CPU
		{B960F8D7-25B3-46E9-A95C-E539192B5744}.Release|iPhone.Build.0 = Release|Any CPU
		{F86E3A30-8D79-4E77-BB8A-F05A904DC942}.Debug|Any CPU.ActiveCfg = Debug|Any CPU
		{F86E3A30-8D79-4E77-BB8A-F05A904DC942}.Debug|Any CPU.Build.0 = Debug|Any CPU
		{F86E3A30-8D79-4E77-BB8A-F05A904DC942}.Release|Any CPU.ActiveCfg = Release|Any CPU
		{F86E3A30-8D79-4E77-BB8A-F05A904DC942}.Release|Any CPU.Build.0 = Release|Any CPU
		{F86E3A30-8D79-4E77-BB8A-F05A904DC942}.Debug|iPhoneSimulator.ActiveCfg = Debug|Any CPU
		{F86E3A30-8D79-4E77-BB8A-F05A904DC942}.Debug|iPhoneSimulator.Build.0 = Debug|Any CPU
		{F86E3A30-8D79-4E77-BB8A-F05A904DC942}.Release|iPhoneSimulator.ActiveCfg = Release|Any CPU
		{F86E3A30-8D79-4E77-BB8A-F05A904DC942}.Release|iPhoneSimulator.Build.0 = Release|Any CPU
		{F86E3A30-8D79-4E77-BB8A-F05A904DC942}.Debug|iPhone.ActiveCfg = Debug|Any CPU
		{F86E3A30-8D79-4E77-BB8A-F05A904DC942}.Debug|iPhone.Build.0 = Debug|Any CPU
		{F86E3A30-8D79-4E77-BB8A-F05A904DC942}.Release|iPhone.ActiveCfg = Release|Any CPU
		{F86E3A30-8D79-4E77-BB8A-F05A904DC942}.Release|iPhone.Build.0 = Release|Any CPU
		{12BE5947-A64A-4968-96A6-5CA3CE36C244}.Debug|Any CPU.ActiveCfg = Debug|iPhoneSimulator
		{12BE5947-A64A-4968-96A6-5CA3CE36C244}.Debug|Any CPU.Build.0 = Debug|iPhoneSimulator
		{12BE5947-A64A-4968-96A6-5CA3CE36C244}.Release|Any CPU.ActiveCfg = Release|iPhoneSimulator
		{12BE5947-A64A-4968-96A6-5CA3CE36C244}.Release|Any CPU.Build.0 = Release|iPhoneSimulator
		{12BE5947-A64A-4968-96A6-5CA3CE36C244}.Debug|iPhoneSimulator.ActiveCfg = Debug|iPhoneSimulator
		{12BE5947-A64A-4968-96A6-5CA3CE36C244}.Debug|iPhoneSimulator.Build.0 = Debug|iPhoneSimulator
		{12BE5947-A64A-4968-96A6-5CA3CE36C244}.Release|iPhoneSimulator.ActiveCfg = Release|iPhoneSimulator
		{12BE5947-A64A-4968-96A6-5CA3CE36C244}.Release|iPhoneSimulator.Build.0 = Release|iPhoneSimulator
		{12BE5947-A64A-4968-96A6-5CA3CE36C244}.Debug|iPhone.ActiveCfg = Debug|iPhone
		{12BE5947-A64A-4968-96A6-5CA3CE36C244}.Debug|iPhone.Build.0 = Debug|iPhone
		{12BE5947-A64A-4968-96A6-5CA3CE36C244}.Release|iPhone.ActiveCfg = Release|iPhone
		{12BE5947-A64A-4968-96A6-5CA3CE36C244}.Release|iPhone.Build.0 = Release|iPhone
		{9DF36DBF-AFE6-438D-B7A6-1B5FB3D1D6D1}.Debug|Any CPU.ActiveCfg = Debug|Any CPU
		{9DF36DBF-AFE6-438D-B7A6-1B5FB3D1D6D1}.Debug|Any CPU.Build.0 = Debug|Any CPU
		{9DF36DBF-AFE6-438D-B7A6-1B5FB3D1D6D1}.Release|Any CPU.ActiveCfg = Release|Any CPU
		{9DF36DBF-AFE6-438D-B7A6-1B5FB3D1D6D1}.Release|Any CPU.Build.0 = Release|Any CPU
		{9DF36DBF-AFE6-438D-B7A6-1B5FB3D1D6D1}.Debug|iPhoneSimulator.ActiveCfg = Debug|Any CPU
		{9DF36DBF-AFE6-438D-B7A6-1B5FB3D1D6D1}.Debug|iPhoneSimulator.Build.0 = Debug|Any CPU
		{9DF36DBF-AFE6-438D-B7A6-1B5FB3D1D6D1}.Release|iPhoneSimulator.ActiveCfg = Release|Any CPU
		{9DF36DBF-AFE6-438D-B7A6-1B5FB3D1D6D1}.Release|iPhoneSimulator.Build.0 = Release|Any CPU
		{9DF36DBF-AFE6-438D-B7A6-1B5FB3D1D6D1}.Debug|iPhone.ActiveCfg = Debug|Any CPU
		{9DF36DBF-AFE6-438D-B7A6-1B5FB3D1D6D1}.Debug|iPhone.Build.0 = Debug|Any CPU
		{9DF36DBF-AFE6-438D-B7A6-1B5FB3D1D6D1}.Release|iPhone.ActiveCfg = Release|Any CPU
		{9DF36DBF-AFE6-438D-B7A6-1B5FB3D1D6D1}.Release|iPhone.Build.0 = Release|Any CPU
		{A5855A2B-016E-4A5C-A457-E5B3B732405E}.Debug|Any CPU.ActiveCfg = Debug|Any CPU
		{A5855A2B-016E-4A5C-A457-E5B3B732405E}.Debug|Any CPU.Build.0 = Debug|Any CPU
		{A5855A2B-016E-4A5C-A457-E5B3B732405E}.Release|Any CPU.ActiveCfg = Release|Any CPU
		{A5855A2B-016E-4A5C-A457-E5B3B732405E}.Release|Any CPU.Build.0 = Release|Any CPU
		{A5855A2B-016E-4A5C-A457-E5B3B732405E}.Debug|iPhoneSimulator.ActiveCfg = Debug|Any CPU
		{A5855A2B-016E-4A5C-A457-E5B3B732405E}.Debug|iPhoneSimulator.Build.0 = Debug|Any CPU
		{A5855A2B-016E-4A5C-A457-E5B3B732405E}.Release|iPhoneSimulator.ActiveCfg = Release|Any CPU
		{A5855A2B-016E-4A5C-A457-E5B3B732405E}.Release|iPhoneSimulator.Build.0 = Release|Any CPU
		{A5855A2B-016E-4A5C-A457-E5B3B732405E}.Debug|iPhone.ActiveCfg = Debug|Any CPU
		{A5855A2B-016E-4A5C-A457-E5B3B732405E}.Debug|iPhone.Build.0 = Debug|Any CPU
		{A5855A2B-016E-4A5C-A457-E5B3B732405E}.Release|iPhone.ActiveCfg = Release|Any CPU
		{A5855A2B-016E-4A5C-A457-E5B3B732405E}.Release|iPhone.Build.0 = Release|Any CPU
		{C6E7D0DF-824B-4A57-9BC0-AF7874E0E49B}.Debug|Any CPU.ActiveCfg = Debug|Any CPU
		{C6E7D0DF-824B-4A57-9BC0-AF7874E0E49B}.Debug|Any CPU.Build.0 = Debug|Any CPU
		{C6E7D0DF-824B-4A57-9BC0-AF7874E0E49B}.Release|Any CPU.ActiveCfg = Release|Any CPU
		{C6E7D0DF-824B-4A57-9BC0-AF7874E0E49B}.Release|Any CPU.Build.0 = Release|Any CPU
		{C6E7D0DF-824B-4A57-9BC0-AF7874E0E49B}.Debug|iPhoneSimulator.ActiveCfg = Debug|Any CPU
		{C6E7D0DF-824B-4A57-9BC0-AF7874E0E49B}.Debug|iPhoneSimulator.Build.0 = Debug|Any CPU
		{C6E7D0DF-824B-4A57-9BC0-AF7874E0E49B}.Release|iPhoneSimulator.ActiveCfg = Release|Any CPU
		{C6E7D0DF-824B-4A57-9BC0-AF7874E0E49B}.Release|iPhoneSimulator.Build.0 = Release|Any CPU
		{C6E7D0DF-824B-4A57-9BC0-AF7874E0E49B}.Debug|iPhone.ActiveCfg = Debug|Any CPU
		{C6E7D0DF-824B-4A57-9BC0-AF7874E0E49B}.Debug|iPhone.Build.0 = Debug|Any CPU
		{C6E7D0DF-824B-4A57-9BC0-AF7874E0E49B}.Release|iPhone.ActiveCfg = Release|Any CPU
		{C6E7D0DF-824B-4A57-9BC0-AF7874E0E49B}.Release|iPhone.Build.0 = Release|Any CPU
		{18EF3C1F-C3B0-4A4D-8929-86F54E9491AA}.Debug|Any CPU.ActiveCfg = Debug|Any CPU
		{18EF3C1F-C3B0-4A4D-8929-86F54E9491AA}.Debug|Any CPU.Build.0 = Debug|Any CPU
		{18EF3C1F-C3B0-4A4D-8929-86F54E9491AA}.Release|Any CPU.ActiveCfg = Release|Any CPU
		{18EF3C1F-C3B0-4A4D-8929-86F54E9491AA}.Release|Any CPU.Build.0 = Release|Any CPU
		{18EF3C1F-C3B0-4A4D-8929-86F54E9491AA}.Debug|iPhoneSimulator.ActiveCfg = Debug|Any CPU
		{18EF3C1F-C3B0-4A4D-8929-86F54E9491AA}.Debug|iPhoneSimulator.Build.0 = Debug|Any CPU
		{18EF3C1F-C3B0-4A4D-8929-86F54E9491AA}.Release|iPhoneSimulator.ActiveCfg = Release|Any CPU
		{18EF3C1F-C3B0-4A4D-8929-86F54E9491AA}.Release|iPhoneSimulator.Build.0 = Release|Any CPU
		{18EF3C1F-C3B0-4A4D-8929-86F54E9491AA}.Debug|iPhone.ActiveCfg = Debug|Any CPU
		{18EF3C1F-C3B0-4A4D-8929-86F54E9491AA}.Debug|iPhone.Build.0 = Debug|Any CPU
		{18EF3C1F-C3B0-4A4D-8929-86F54E9491AA}.Release|iPhone.ActiveCfg = Release|Any CPU
		{18EF3C1F-C3B0-4A4D-8929-86F54E9491AA}.Release|iPhone.Build.0 = Release|Any CPU
	EndGlobalSection
	GlobalSection(NestedProjects) = preSolution
		{DE1BA22F-7E7B-40EC-9301-8E02A9A25E0A} = {A945EE6E-34D6-4FE3-A8CE-45F2F374188D}
		{589D34A5-BC15-4CEF-856A-1CD61E7D77A3} = {534265F2-412C-42BF-B5B5-9940D1F5F4DA}
		{6EC9CA25-09ED-4F80-8D23-39FB28294A3E} = {534265F2-412C-42BF-B5B5-9940D1F5F4DA}
		{CC766EBA-D4BC-4460-805D-5041C10A70EE} = {534265F2-412C-42BF-B5B5-9940D1F5F4DA}
		{CBB35C0A-66D3-4E1B-B51D-197B8FAE1806} = {534265F2-412C-42BF-B5B5-9940D1F5F4DA}
		{3E7CB267-98B2-44E0-863E-48080C805FF5} = {534265F2-412C-42BF-B5B5-9940D1F5F4DA}
		{B7A0E6E6-0674-4DED-BC9B-7CED0184104B} = {534265F2-412C-42BF-B5B5-9940D1F5F4DA}
		{F86E3A30-8D79-4E77-BB8A-F05A904DC942} = {DA8A695F-68D7-4858-96D0-1AC0BCC5EA5D}
		{12BE5947-A64A-4968-96A6-5CA3CE36C244} = {DA8A695F-68D7-4858-96D0-1AC0BCC5EA5D}
		{9DF36DBF-AFE6-438D-B7A6-1B5FB3D1D6D1} = {A945EE6E-34D6-4FE3-A8CE-45F2F374188D}
		{A5855A2B-016E-4A5C-A457-E5B3B732405E} = {6EA10C36-41FC-4FDF-B3F7-1F2828ABC896}
		{C6E7D0DF-824B-4A57-9BC0-AF7874E0E49B} = {F36B5545-F798-4371-A17C-B0CB5EE1C76B}
		{18EF3C1F-C3B0-4A4D-8929-86F54E9491AA} = {F36B5545-F798-4371-A17C-B0CB5EE1C76B}
		{D7B239B7-2883-4B53-8873-5A3DD82578AC} = {F36B5545-F798-4371-A17C-B0CB5EE1C76B}
	EndGlobalSection
EndGlobal
