Microsoft Visual Studio Solution File, Format Version 12.00
# Visual Studio Version 16
VisualStudioVersion = 16.0.29025.244
MinimumVisualStudioVersion = 10.0.40219.1
Project("{2150E333-8FDC-42A3-9474-1A3956D46DE8}") = "HotUI", "HotUI", "{A945EE6E-34D6-4FE3-A8CE-45F2F374188D}"
EndProject
Project("{9A19103F-16F7-4668-BE54-9A1E7A4F7556}") = "HotUI", "..\HotUI\src\HotUI\HotUI.csproj", "{DE1BA22F-7E7B-40EC-9301-8E02A9A25E0A}"
EndProject
Project("{2150E333-8FDC-42A3-9474-1A3956D46DE8}") = "IDE", "IDE", "{6EA10C36-41FC-4FDF-B3F7-1F2828ABC896}"
EndProject
Project("{2150E333-8FDC-42A3-9474-1A3956D46DE8}") = "Platforms", "Platforms", "{534265F2-412C-42BF-B5B5-9940D1F5F4DA}"
EndProject
Project("{D954291E-2A0B-460D-934E-DC6B0785DB48}") = "HotUI.Reload.Client", "HotUI.Reload.Client\HotUI.Reload.Client.shproj", "{6EC9CA25-09ED-4F80-8D23-39FB28294A3E}"
EndProject
Project("{FAE04EC0-301F-11D3-BF4B-00C04F79EFBC}") = "HotUI.Reload.iOS", "HotUI.Reload.iOS\HotUI.Reload.iOS.csproj", "{CC766EBA-D4BC-4460-805D-5041C10A70EE}"
EndProject
Project("{9A19103F-16F7-4668-BE54-9A1E7A4F7556}") = "HotUI.Reload.Roslyn", "HotUI.Reload.Roslyn\HotUI.Reload.Roslyn.csproj", "{B7A0E6E6-0674-4DED-BC9B-7CED0184104B}"
EndProject
Project("{D954291E-2A0B-460D-934E-DC6B0785DB48}") = "HotUI.Reload.Core", "HotUI.Reload.Core\HotUI.Reload.Core.shproj", "{4AF14C8D-878A-4CB4-8B61-60A531AB358B}"
EndProject
Project("{FAE04EC0-301F-11D3-BF4B-00C04F79EFBC}") = "HotUI.Reload.Build.Tasks", "HotUI.Reload.Build\HotUI.Reload.Build.Tasks.csproj", "{B960F8D7-25B3-46E9-A95C-E539192B5744}"
EndProject
Project("{2150E333-8FDC-42A3-9474-1A3956D46DE8}") = "Samples", "Samples", "{DA8A695F-68D7-4858-96D0-1AC0BCC5EA5D}"
EndProject
Project("{9A19103F-16F7-4668-BE54-9A1E7A4F7556}") = "HotUI.Samples", "..\HotUI\sample\HotUI.Samples\HotUI.Samples.csproj", "{F86E3A30-8D79-4E77-BB8A-F05A904DC942}"
EndProject
Project("{FAE04EC0-301F-11D3-BF4B-00C04F79EFBC}") = "HotUI.iOS.Sample", "Samples\HotUI.iOS.Sample\HotUI.iOS.Sample.csproj", "{12BE5947-A64A-4968-96A6-5CA3CE36C244}"
EndProject
Project("{FAE04EC0-301F-11D3-BF4B-00C04F79EFBC}") = "HotUI.iOS", "..\HotUI\src\HotUI.iOS\HotUI.iOS.csproj", "{9DF36DBF-AFE6-438D-B7A6-1B5FB3D1D6D1}"
EndProject
Project("{2150E333-8FDC-42A3-9474-1A3956D46DE8}") = "Tests", "Tests", "{F36B5545-F798-4371-A17C-B0CB5EE1C76B}"
EndProject
Project("{FAE04EC0-301F-11D3-BF4B-00C04F79EFBC}") = "HotUI.Reload.Tests", "Tests\HotUI.Reload.Tests\HotUI.Reload.Tests.csproj", "{C6E7D0DF-824B-4A57-9BC0-AF7874E0E49B}"
EndProject
Project("{9A19103F-16F7-4668-BE54-9A1E7A4F7556}") = "HotUI.Reload.NetCore.Tests", "Tests\HotUI.Reload.NetCore.Tests\HotUI.Reload.NetCore.Tests.csproj", "{18EF3C1F-C3B0-4A4D-8929-86F54E9491AA}"
EndProject
Project("{D954291E-2A0B-460D-934E-DC6B0785DB48}") = "HotUI.Reload.Tests.Shared", "Tests\HotUI.Reload.Tests.Shared\HotUI.Reload.Tests.Shared.shproj", "{D7B239B7-2883-4B53-8873-5A3DD82578AC}"
EndProject
Project("{FAE04EC0-301F-11D3-BF4B-00C04F79EFBC}") = "HotUI.UWP", "..\HotUI\src\HotUI.UWP\HotUI.UWP.csproj", "{2D337300-B3E9-4A36-8387-76A9A1100C5B}"
EndProject
Project("{FAE04EC0-301F-11D3-BF4B-00C04F79EFBC}") = "HotUI.WPF", "..\HotUI\src\HotUI.WPF\HotUI.WPF.csproj", "{F8BA5DE0-AEC0-4423-B036-5F9157E939D0}"
EndProject
Project("{D954291E-2A0B-460D-934E-DC6B0785DB48}") = "HotUI.Reload.IDE", "HotUI.Reload.IDE\HotUI.Reload.IDE.shproj", "{4F101B9A-EF2C-47B6-B7E0-007FE8B97168}"
EndProject
Project("{FAE04EC0-301F-11D3-BF4B-00C04F79EFBC}") = "HotUI.Reload.VS", "HotUI.Reload.VS\HotUI.Reload.VS.csproj", "{4E8FDDAC-4925-4AC3-848D-B9485DA980D4}"
EndProject
Project("{FAE04EC0-301F-11D3-BF4B-00C04F79EFBC}") = "HotUI.UWP.Sample", "..\HotUI\sample\HotUI.UWP.Sample\HotUI.UWP.Sample.csproj", "{35664234-EB75-47BA-A082-9F96BDF6FC92}"
EndProject
Project("{FAE04EC0-301F-11D3-BF4B-00C04F79EFBC}") = "HotUI.WPF.Sample", "..\HotUI\sample\HotUI.WPF.Sample\HotUI.WPF.Sample.csproj", "{0FC87DE5-B5E5-4846-894B-824497118143}"
EndProject
Global
	GlobalSection(SharedMSBuildProjectFiles) = preSolution
		HotUI.Reload.Core\HotUI.Reload.Core.projitems*{4af14c8d-878a-4cb4-8b61-60a531ab358b}*SharedItemsImports = 13
		HotUI.Reload.Core\HotUI.Reload.Core.projitems*{4e8fddac-4925-4ac3-848d-b9485da980d4}*SharedItemsImports = 4
		HotUI.Reload.IDE\HotUI.Reload.IDE.projitems*{4e8fddac-4925-4ac3-848d-b9485da980d4}*SharedItemsImports = 4
		HotUI.Reload.IDE\HotUI.Reload.IDE.projitems*{4f101b9a-ef2c-47b6-b7e0-007fe8b97168}*SharedItemsImports = 13
		HotUI.Reload.Client\HotUI.Reload.Client.projitems*{6ec9ca25-09ed-4f80-8d23-39fb28294a3e}*SharedItemsImports = 13
		HotUI.Reload.Client\HotUI.Reload.Client.projitems*{c6e7d0df-824b-4a57-9bc0-af7874e0e49b}*SharedItemsImports = 4
		HotUI.Reload.Core\HotUI.Reload.Core.projitems*{c6e7d0df-824b-4a57-9bc0-af7874e0e49b}*SharedItemsImports = 4
		Tests\HotUI.Reload.Tests.Shared\HotUI.Reload.Tests.Shared.projitems*{c6e7d0df-824b-4a57-9bc0-af7874e0e49b}*SharedItemsImports = 4
		HotUI.Reload.Client\HotUI.Reload.Client.projitems*{cc766eba-d4bc-4460-805d-5041c10a70ee}*SharedItemsImports = 4
		HotUI.Reload.Core\HotUI.Reload.Core.projitems*{cc766eba-d4bc-4460-805d-5041c10a70ee}*SharedItemsImports = 4
		Tests\HotUI.Reload.Tests.Shared\HotUI.Reload.Tests.Shared.projitems*{d7b239b7-2883-4b53-8873-5a3dd82578ac}*SharedItemsImports = 13
	EndGlobalSection
	GlobalSection(SolutionConfigurationPlatforms) = preSolution
		Debug|Any CPU = Debug|Any CPU
		Debug|ARM = Debug|ARM
		Debug|ARM64 = Debug|ARM64
		Debug|iPhone = Debug|iPhone
		Debug|iPhoneSimulator = Debug|iPhoneSimulator
		Debug|x64 = Debug|x64
		Debug|x86 = Debug|x86
		Release|Any CPU = Release|Any CPU
		Release|ARM = Release|ARM
		Release|ARM64 = Release|ARM64
		Release|iPhone = Release|iPhone
		Release|iPhoneSimulator = Release|iPhoneSimulator
		Release|x64 = Release|x64
		Release|x86 = Release|x86
	EndGlobalSection
	GlobalSection(ProjectConfigurationPlatforms) = postSolution
		{DE1BA22F-7E7B-40EC-9301-8E02A9A25E0A}.Debug|Any CPU.ActiveCfg = Debug|Any CPU
		{DE1BA22F-7E7B-40EC-9301-8E02A9A25E0A}.Debug|Any CPU.Build.0 = Debug|Any CPU
		{DE1BA22F-7E7B-40EC-9301-8E02A9A25E0A}.Debug|ARM.ActiveCfg = Debug|Any CPU
		{DE1BA22F-7E7B-40EC-9301-8E02A9A25E0A}.Debug|ARM.Build.0 = Debug|Any CPU
		{DE1BA22F-7E7B-40EC-9301-8E02A9A25E0A}.Debug|ARM64.ActiveCfg = Debug|Any CPU
		{DE1BA22F-7E7B-40EC-9301-8E02A9A25E0A}.Debug|ARM64.Build.0 = Debug|Any CPU
		{DE1BA22F-7E7B-40EC-9301-8E02A9A25E0A}.Debug|iPhone.ActiveCfg = Debug|Any CPU
		{DE1BA22F-7E7B-40EC-9301-8E02A9A25E0A}.Debug|iPhone.Build.0 = Debug|Any CPU
		{DE1BA22F-7E7B-40EC-9301-8E02A9A25E0A}.Debug|iPhoneSimulator.ActiveCfg = Debug|Any CPU
		{DE1BA22F-7E7B-40EC-9301-8E02A9A25E0A}.Debug|iPhoneSimulator.Build.0 = Debug|Any CPU
		{DE1BA22F-7E7B-40EC-9301-8E02A9A25E0A}.Debug|x64.ActiveCfg = Debug|Any CPU
		{DE1BA22F-7E7B-40EC-9301-8E02A9A25E0A}.Debug|x64.Build.0 = Debug|Any CPU
		{DE1BA22F-7E7B-40EC-9301-8E02A9A25E0A}.Debug|x86.ActiveCfg = Debug|Any CPU
		{DE1BA22F-7E7B-40EC-9301-8E02A9A25E0A}.Debug|x86.Build.0 = Debug|Any CPU
		{DE1BA22F-7E7B-40EC-9301-8E02A9A25E0A}.Release|Any CPU.ActiveCfg = Release|Any CPU
		{DE1BA22F-7E7B-40EC-9301-8E02A9A25E0A}.Release|Any CPU.Build.0 = Release|Any CPU
		{DE1BA22F-7E7B-40EC-9301-8E02A9A25E0A}.Release|ARM.ActiveCfg = Release|Any CPU
		{DE1BA22F-7E7B-40EC-9301-8E02A9A25E0A}.Release|ARM.Build.0 = Release|Any CPU
		{DE1BA22F-7E7B-40EC-9301-8E02A9A25E0A}.Release|ARM64.ActiveCfg = Release|Any CPU
		{DE1BA22F-7E7B-40EC-9301-8E02A9A25E0A}.Release|ARM64.Build.0 = Release|Any CPU
		{DE1BA22F-7E7B-40EC-9301-8E02A9A25E0A}.Release|iPhone.ActiveCfg = Release|Any CPU
		{DE1BA22F-7E7B-40EC-9301-8E02A9A25E0A}.Release|iPhone.Build.0 = Release|Any CPU
		{DE1BA22F-7E7B-40EC-9301-8E02A9A25E0A}.Release|iPhoneSimulator.ActiveCfg = Release|Any CPU
		{DE1BA22F-7E7B-40EC-9301-8E02A9A25E0A}.Release|iPhoneSimulator.Build.0 = Release|Any CPU
		{DE1BA22F-7E7B-40EC-9301-8E02A9A25E0A}.Release|x64.ActiveCfg = Release|Any CPU
		{DE1BA22F-7E7B-40EC-9301-8E02A9A25E0A}.Release|x64.Build.0 = Release|Any CPU
		{DE1BA22F-7E7B-40EC-9301-8E02A9A25E0A}.Release|x86.ActiveCfg = Release|Any CPU
		{DE1BA22F-7E7B-40EC-9301-8E02A9A25E0A}.Release|x86.Build.0 = Release|Any CPU
		{CC766EBA-D4BC-4460-805D-5041C10A70EE}.Debug|Any CPU.ActiveCfg = Debug|Any CPU
		{CC766EBA-D4BC-4460-805D-5041C10A70EE}.Debug|Any CPU.Build.0 = Debug|Any CPU
		{CC766EBA-D4BC-4460-805D-5041C10A70EE}.Debug|ARM.ActiveCfg = Debug|Any CPU
		{CC766EBA-D4BC-4460-805D-5041C10A70EE}.Debug|ARM.Build.0 = Debug|Any CPU
		{CC766EBA-D4BC-4460-805D-5041C10A70EE}.Debug|ARM64.ActiveCfg = Debug|Any CPU
		{CC766EBA-D4BC-4460-805D-5041C10A70EE}.Debug|ARM64.Build.0 = Debug|Any CPU
		{CC766EBA-D4BC-4460-805D-5041C10A70EE}.Debug|iPhone.ActiveCfg = Debug|Any CPU
		{CC766EBA-D4BC-4460-805D-5041C10A70EE}.Debug|iPhone.Build.0 = Debug|Any CPU
		{CC766EBA-D4BC-4460-805D-5041C10A70EE}.Debug|iPhoneSimulator.ActiveCfg = Debug|Any CPU
		{CC766EBA-D4BC-4460-805D-5041C10A70EE}.Debug|iPhoneSimulator.Build.0 = Debug|Any CPU
		{CC766EBA-D4BC-4460-805D-5041C10A70EE}.Debug|x64.ActiveCfg = Debug|Any CPU
		{CC766EBA-D4BC-4460-805D-5041C10A70EE}.Debug|x64.Build.0 = Debug|Any CPU
		{CC766EBA-D4BC-4460-805D-5041C10A70EE}.Debug|x86.ActiveCfg = Debug|Any CPU
		{CC766EBA-D4BC-4460-805D-5041C10A70EE}.Debug|x86.Build.0 = Debug|Any CPU
		{CC766EBA-D4BC-4460-805D-5041C10A70EE}.Release|Any CPU.ActiveCfg = Release|Any CPU
		{CC766EBA-D4BC-4460-805D-5041C10A70EE}.Release|Any CPU.Build.0 = Release|Any CPU
		{CC766EBA-D4BC-4460-805D-5041C10A70EE}.Release|ARM.ActiveCfg = Release|Any CPU
		{CC766EBA-D4BC-4460-805D-5041C10A70EE}.Release|ARM.Build.0 = Release|Any CPU
		{CC766EBA-D4BC-4460-805D-5041C10A70EE}.Release|ARM64.ActiveCfg = Release|Any CPU
		{CC766EBA-D4BC-4460-805D-5041C10A70EE}.Release|ARM64.Build.0 = Release|Any CPU
		{CC766EBA-D4BC-4460-805D-5041C10A70EE}.Release|iPhone.ActiveCfg = Release|Any CPU
		{CC766EBA-D4BC-4460-805D-5041C10A70EE}.Release|iPhone.Build.0 = Release|Any CPU
		{CC766EBA-D4BC-4460-805D-5041C10A70EE}.Release|iPhoneSimulator.ActiveCfg = Release|Any CPU
		{CC766EBA-D4BC-4460-805D-5041C10A70EE}.Release|iPhoneSimulator.Build.0 = Release|Any CPU
		{CC766EBA-D4BC-4460-805D-5041C10A70EE}.Release|x64.ActiveCfg = Release|Any CPU
		{CC766EBA-D4BC-4460-805D-5041C10A70EE}.Release|x64.Build.0 = Release|Any CPU
		{CC766EBA-D4BC-4460-805D-5041C10A70EE}.Release|x86.ActiveCfg = Release|Any CPU
		{CC766EBA-D4BC-4460-805D-5041C10A70EE}.Release|x86.Build.0 = Release|Any CPU
		{B7A0E6E6-0674-4DED-BC9B-7CED0184104B}.Debug|Any CPU.ActiveCfg = Debug|Any CPU
		{B7A0E6E6-0674-4DED-BC9B-7CED0184104B}.Debug|Any CPU.Build.0 = Debug|Any CPU
		{B7A0E6E6-0674-4DED-BC9B-7CED0184104B}.Debug|ARM.ActiveCfg = Debug|Any CPU
		{B7A0E6E6-0674-4DED-BC9B-7CED0184104B}.Debug|ARM.Build.0 = Debug|Any CPU
		{B7A0E6E6-0674-4DED-BC9B-7CED0184104B}.Debug|ARM64.ActiveCfg = Debug|Any CPU
		{B7A0E6E6-0674-4DED-BC9B-7CED0184104B}.Debug|ARM64.Build.0 = Debug|Any CPU
		{B7A0E6E6-0674-4DED-BC9B-7CED0184104B}.Debug|iPhone.ActiveCfg = Debug|Any CPU
		{B7A0E6E6-0674-4DED-BC9B-7CED0184104B}.Debug|iPhone.Build.0 = Debug|Any CPU
		{B7A0E6E6-0674-4DED-BC9B-7CED0184104B}.Debug|iPhoneSimulator.ActiveCfg = Debug|Any CPU
		{B7A0E6E6-0674-4DED-BC9B-7CED0184104B}.Debug|iPhoneSimulator.Build.0 = Debug|Any CPU
		{B7A0E6E6-0674-4DED-BC9B-7CED0184104B}.Debug|x64.ActiveCfg = Debug|Any CPU
		{B7A0E6E6-0674-4DED-BC9B-7CED0184104B}.Debug|x64.Build.0 = Debug|Any CPU
		{B7A0E6E6-0674-4DED-BC9B-7CED0184104B}.Debug|x86.ActiveCfg = Debug|Any CPU
		{B7A0E6E6-0674-4DED-BC9B-7CED0184104B}.Debug|x86.Build.0 = Debug|Any CPU
		{B7A0E6E6-0674-4DED-BC9B-7CED0184104B}.Release|Any CPU.ActiveCfg = Release|Any CPU
		{B7A0E6E6-0674-4DED-BC9B-7CED0184104B}.Release|Any CPU.Build.0 = Release|Any CPU
		{B7A0E6E6-0674-4DED-BC9B-7CED0184104B}.Release|ARM.ActiveCfg = Release|Any CPU
		{B7A0E6E6-0674-4DED-BC9B-7CED0184104B}.Release|ARM.Build.0 = Release|Any CPU
		{B7A0E6E6-0674-4DED-BC9B-7CED0184104B}.Release|ARM64.ActiveCfg = Release|Any CPU
		{B7A0E6E6-0674-4DED-BC9B-7CED0184104B}.Release|ARM64.Build.0 = Release|Any CPU
		{B7A0E6E6-0674-4DED-BC9B-7CED0184104B}.Release|iPhone.ActiveCfg = Release|Any CPU
		{B7A0E6E6-0674-4DED-BC9B-7CED0184104B}.Release|iPhone.Build.0 = Release|Any CPU
		{B7A0E6E6-0674-4DED-BC9B-7CED0184104B}.Release|iPhoneSimulator.ActiveCfg = Release|Any CPU
		{B7A0E6E6-0674-4DED-BC9B-7CED0184104B}.Release|iPhoneSimulator.Build.0 = Release|Any CPU
		{B7A0E6E6-0674-4DED-BC9B-7CED0184104B}.Release|x64.ActiveCfg = Release|Any CPU
		{B7A0E6E6-0674-4DED-BC9B-7CED0184104B}.Release|x64.Build.0 = Release|Any CPU
		{B7A0E6E6-0674-4DED-BC9B-7CED0184104B}.Release|x86.ActiveCfg = Release|Any CPU
		{B7A0E6E6-0674-4DED-BC9B-7CED0184104B}.Release|x86.Build.0 = Release|Any CPU
		{B960F8D7-25B3-46E9-A95C-E539192B5744}.Debug|Any CPU.ActiveCfg = Debug|Any CPU
		{B960F8D7-25B3-46E9-A95C-E539192B5744}.Debug|Any CPU.Build.0 = Debug|Any CPU
		{B960F8D7-25B3-46E9-A95C-E539192B5744}.Debug|ARM.ActiveCfg = Debug|Any CPU
		{B960F8D7-25B3-46E9-A95C-E539192B5744}.Debug|ARM.Build.0 = Debug|Any CPU
		{B960F8D7-25B3-46E9-A95C-E539192B5744}.Debug|ARM64.ActiveCfg = Debug|Any CPU
		{B960F8D7-25B3-46E9-A95C-E539192B5744}.Debug|ARM64.Build.0 = Debug|Any CPU
		{B960F8D7-25B3-46E9-A95C-E539192B5744}.Debug|iPhone.ActiveCfg = Debug|Any CPU
		{B960F8D7-25B3-46E9-A95C-E539192B5744}.Debug|iPhone.Build.0 = Debug|Any CPU
		{B960F8D7-25B3-46E9-A95C-E539192B5744}.Debug|iPhoneSimulator.ActiveCfg = Debug|Any CPU
		{B960F8D7-25B3-46E9-A95C-E539192B5744}.Debug|iPhoneSimulator.Build.0 = Debug|Any CPU
		{B960F8D7-25B3-46E9-A95C-E539192B5744}.Debug|x64.ActiveCfg = Debug|Any CPU
		{B960F8D7-25B3-46E9-A95C-E539192B5744}.Debug|x64.Build.0 = Debug|Any CPU
		{B960F8D7-25B3-46E9-A95C-E539192B5744}.Debug|x86.ActiveCfg = Debug|Any CPU
		{B960F8D7-25B3-46E9-A95C-E539192B5744}.Debug|x86.Build.0 = Debug|Any CPU
		{B960F8D7-25B3-46E9-A95C-E539192B5744}.Release|Any CPU.ActiveCfg = Release|Any CPU
		{B960F8D7-25B3-46E9-A95C-E539192B5744}.Release|Any CPU.Build.0 = Release|Any CPU
		{B960F8D7-25B3-46E9-A95C-E539192B5744}.Release|ARM.ActiveCfg = Release|Any CPU
		{B960F8D7-25B3-46E9-A95C-E539192B5744}.Release|ARM.Build.0 = Release|Any CPU
		{B960F8D7-25B3-46E9-A95C-E539192B5744}.Release|ARM64.ActiveCfg = Release|Any CPU
		{B960F8D7-25B3-46E9-A95C-E539192B5744}.Release|ARM64.Build.0 = Release|Any CPU
		{B960F8D7-25B3-46E9-A95C-E539192B5744}.Release|iPhone.ActiveCfg = Release|Any CPU
		{B960F8D7-25B3-46E9-A95C-E539192B5744}.Release|iPhone.Build.0 = Release|Any CPU
		{B960F8D7-25B3-46E9-A95C-E539192B5744}.Release|iPhoneSimulator.ActiveCfg = Release|Any CPU
		{B960F8D7-25B3-46E9-A95C-E539192B5744}.Release|iPhoneSimulator.Build.0 = Release|Any CPU
		{B960F8D7-25B3-46E9-A95C-E539192B5744}.Release|x64.ActiveCfg = Release|Any CPU
		{B960F8D7-25B3-46E9-A95C-E539192B5744}.Release|x64.Build.0 = Release|Any CPU
		{B960F8D7-25B3-46E9-A95C-E539192B5744}.Release|x86.ActiveCfg = Release|Any CPU
		{B960F8D7-25B3-46E9-A95C-E539192B5744}.Release|x86.Build.0 = Release|Any CPU
		{F86E3A30-8D79-4E77-BB8A-F05A904DC942}.Debug|Any CPU.ActiveCfg = Debug|Any CPU
		{F86E3A30-8D79-4E77-BB8A-F05A904DC942}.Debug|Any CPU.Build.0 = Debug|Any CPU
		{F86E3A30-8D79-4E77-BB8A-F05A904DC942}.Debug|ARM.ActiveCfg = Debug|Any CPU
		{F86E3A30-8D79-4E77-BB8A-F05A904DC942}.Debug|ARM.Build.0 = Debug|Any CPU
		{F86E3A30-8D79-4E77-BB8A-F05A904DC942}.Debug|ARM64.ActiveCfg = Debug|Any CPU
		{F86E3A30-8D79-4E77-BB8A-F05A904DC942}.Debug|ARM64.Build.0 = Debug|Any CPU
		{F86E3A30-8D79-4E77-BB8A-F05A904DC942}.Debug|iPhone.ActiveCfg = Debug|Any CPU
		{F86E3A30-8D79-4E77-BB8A-F05A904DC942}.Debug|iPhone.Build.0 = Debug|Any CPU
		{F86E3A30-8D79-4E77-BB8A-F05A904DC942}.Debug|iPhoneSimulator.ActiveCfg = Debug|Any CPU
		{F86E3A30-8D79-4E77-BB8A-F05A904DC942}.Debug|iPhoneSimulator.Build.0 = Debug|Any CPU
		{F86E3A30-8D79-4E77-BB8A-F05A904DC942}.Debug|x64.ActiveCfg = Debug|Any CPU
		{F86E3A30-8D79-4E77-BB8A-F05A904DC942}.Debug|x64.Build.0 = Debug|Any CPU
		{F86E3A30-8D79-4E77-BB8A-F05A904DC942}.Debug|x86.ActiveCfg = Debug|Any CPU
		{F86E3A30-8D79-4E77-BB8A-F05A904DC942}.Debug|x86.Build.0 = Debug|Any CPU
		{F86E3A30-8D79-4E77-BB8A-F05A904DC942}.Release|Any CPU.ActiveCfg = Release|Any CPU
		{F86E3A30-8D79-4E77-BB8A-F05A904DC942}.Release|Any CPU.Build.0 = Release|Any CPU
		{F86E3A30-8D79-4E77-BB8A-F05A904DC942}.Release|ARM.ActiveCfg = Release|Any CPU
		{F86E3A30-8D79-4E77-BB8A-F05A904DC942}.Release|ARM.Build.0 = Release|Any CPU
		{F86E3A30-8D79-4E77-BB8A-F05A904DC942}.Release|ARM64.ActiveCfg = Release|Any CPU
		{F86E3A30-8D79-4E77-BB8A-F05A904DC942}.Release|ARM64.Build.0 = Release|Any CPU
		{F86E3A30-8D79-4E77-BB8A-F05A904DC942}.Release|iPhone.ActiveCfg = Release|Any CPU
		{F86E3A30-8D79-4E77-BB8A-F05A904DC942}.Release|iPhone.Build.0 = Release|Any CPU
		{F86E3A30-8D79-4E77-BB8A-F05A904DC942}.Release|iPhoneSimulator.ActiveCfg = Release|Any CPU
		{F86E3A30-8D79-4E77-BB8A-F05A904DC942}.Release|iPhoneSimulator.Build.0 = Release|Any CPU
		{F86E3A30-8D79-4E77-BB8A-F05A904DC942}.Release|x64.ActiveCfg = Release|Any CPU
		{F86E3A30-8D79-4E77-BB8A-F05A904DC942}.Release|x64.Build.0 = Release|Any CPU
		{F86E3A30-8D79-4E77-BB8A-F05A904DC942}.Release|x86.ActiveCfg = Release|Any CPU
		{F86E3A30-8D79-4E77-BB8A-F05A904DC942}.Release|x86.Build.0 = Release|Any CPU
		{12BE5947-A64A-4968-96A6-5CA3CE36C244}.Debug|Any CPU.ActiveCfg = Debug|iPhoneSimulator
		{12BE5947-A64A-4968-96A6-5CA3CE36C244}.Debug|Any CPU.Build.0 = Debug|iPhoneSimulator
		{12BE5947-A64A-4968-96A6-5CA3CE36C244}.Debug|ARM.ActiveCfg = Debug|iPhone
		{12BE5947-A64A-4968-96A6-5CA3CE36C244}.Debug|ARM64.ActiveCfg = Debug|iPhone
		{12BE5947-A64A-4968-96A6-5CA3CE36C244}.Debug|iPhone.ActiveCfg = Debug|iPhone
		{12BE5947-A64A-4968-96A6-5CA3CE36C244}.Debug|iPhone.Build.0 = Debug|iPhone
		{12BE5947-A64A-4968-96A6-5CA3CE36C244}.Debug|iPhoneSimulator.ActiveCfg = Debug|iPhoneSimulator
		{12BE5947-A64A-4968-96A6-5CA3CE36C244}.Debug|iPhoneSimulator.Build.0 = Debug|iPhoneSimulator
		{12BE5947-A64A-4968-96A6-5CA3CE36C244}.Debug|x64.ActiveCfg = Debug|iPhone
		{12BE5947-A64A-4968-96A6-5CA3CE36C244}.Debug|x86.ActiveCfg = Debug|iPhone
		{12BE5947-A64A-4968-96A6-5CA3CE36C244}.Release|Any CPU.ActiveCfg = Release|iPhoneSimulator
		{12BE5947-A64A-4968-96A6-5CA3CE36C244}.Release|Any CPU.Build.0 = Release|iPhoneSimulator
		{12BE5947-A64A-4968-96A6-5CA3CE36C244}.Release|ARM.ActiveCfg = Release|iPhone
		{12BE5947-A64A-4968-96A6-5CA3CE36C244}.Release|ARM64.ActiveCfg = Release|iPhone
		{12BE5947-A64A-4968-96A6-5CA3CE36C244}.Release|iPhone.ActiveCfg = Release|iPhone
		{12BE5947-A64A-4968-96A6-5CA3CE36C244}.Release|iPhone.Build.0 = Release|iPhone
		{12BE5947-A64A-4968-96A6-5CA3CE36C244}.Release|iPhoneSimulator.ActiveCfg = Release|iPhoneSimulator
		{12BE5947-A64A-4968-96A6-5CA3CE36C244}.Release|iPhoneSimulator.Build.0 = Release|iPhoneSimulator
		{12BE5947-A64A-4968-96A6-5CA3CE36C244}.Release|x64.ActiveCfg = Release|iPhone
		{12BE5947-A64A-4968-96A6-5CA3CE36C244}.Release|x86.ActiveCfg = Release|iPhone
		{9DF36DBF-AFE6-438D-B7A6-1B5FB3D1D6D1}.Debug|Any CPU.ActiveCfg = Debug|Any CPU
		{9DF36DBF-AFE6-438D-B7A6-1B5FB3D1D6D1}.Debug|Any CPU.Build.0 = Debug|Any CPU
		{9DF36DBF-AFE6-438D-B7A6-1B5FB3D1D6D1}.Debug|ARM.ActiveCfg = Debug|Any CPU
		{9DF36DBF-AFE6-438D-B7A6-1B5FB3D1D6D1}.Debug|ARM.Build.0 = Debug|Any CPU
		{9DF36DBF-AFE6-438D-B7A6-1B5FB3D1D6D1}.Debug|ARM64.ActiveCfg = Debug|Any CPU
		{9DF36DBF-AFE6-438D-B7A6-1B5FB3D1D6D1}.Debug|ARM64.Build.0 = Debug|Any CPU
		{9DF36DBF-AFE6-438D-B7A6-1B5FB3D1D6D1}.Debug|iPhone.ActiveCfg = Debug|Any CPU
		{9DF36DBF-AFE6-438D-B7A6-1B5FB3D1D6D1}.Debug|iPhone.Build.0 = Debug|Any CPU
		{9DF36DBF-AFE6-438D-B7A6-1B5FB3D1D6D1}.Debug|iPhoneSimulator.ActiveCfg = Debug|Any CPU
		{9DF36DBF-AFE6-438D-B7A6-1B5FB3D1D6D1}.Debug|iPhoneSimulator.Build.0 = Debug|Any CPU
		{9DF36DBF-AFE6-438D-B7A6-1B5FB3D1D6D1}.Debug|x64.ActiveCfg = Debug|Any CPU
		{9DF36DBF-AFE6-438D-B7A6-1B5FB3D1D6D1}.Debug|x64.Build.0 = Debug|Any CPU
		{9DF36DBF-AFE6-438D-B7A6-1B5FB3D1D6D1}.Debug|x86.ActiveCfg = Debug|Any CPU
		{9DF36DBF-AFE6-438D-B7A6-1B5FB3D1D6D1}.Debug|x86.Build.0 = Debug|Any CPU
		{9DF36DBF-AFE6-438D-B7A6-1B5FB3D1D6D1}.Release|Any CPU.ActiveCfg = Release|Any CPU
		{9DF36DBF-AFE6-438D-B7A6-1B5FB3D1D6D1}.Release|Any CPU.Build.0 = Release|Any CPU
		{9DF36DBF-AFE6-438D-B7A6-1B5FB3D1D6D1}.Release|ARM.ActiveCfg = Release|Any CPU
		{9DF36DBF-AFE6-438D-B7A6-1B5FB3D1D6D1}.Release|ARM.Build.0 = Release|Any CPU
		{9DF36DBF-AFE6-438D-B7A6-1B5FB3D1D6D1}.Release|ARM64.ActiveCfg = Release|Any CPU
		{9DF36DBF-AFE6-438D-B7A6-1B5FB3D1D6D1}.Release|ARM64.Build.0 = Release|Any CPU
		{9DF36DBF-AFE6-438D-B7A6-1B5FB3D1D6D1}.Release|iPhone.ActiveCfg = Release|Any CPU
		{9DF36DBF-AFE6-438D-B7A6-1B5FB3D1D6D1}.Release|iPhone.Build.0 = Release|Any CPU
		{9DF36DBF-AFE6-438D-B7A6-1B5FB3D1D6D1}.Release|iPhoneSimulator.ActiveCfg = Release|Any CPU
		{9DF36DBF-AFE6-438D-B7A6-1B5FB3D1D6D1}.Release|iPhoneSimulator.Build.0 = Release|Any CPU
		{9DF36DBF-AFE6-438D-B7A6-1B5FB3D1D6D1}.Release|x64.ActiveCfg = Release|Any CPU
		{9DF36DBF-AFE6-438D-B7A6-1B5FB3D1D6D1}.Release|x64.Build.0 = Release|Any CPU
		{9DF36DBF-AFE6-438D-B7A6-1B5FB3D1D6D1}.Release|x86.ActiveCfg = Release|Any CPU
		{9DF36DBF-AFE6-438D-B7A6-1B5FB3D1D6D1}.Release|x86.Build.0 = Release|Any CPU
		{C6E7D0DF-824B-4A57-9BC0-AF7874E0E49B}.Debug|Any CPU.ActiveCfg = Debug|Any CPU
		{C6E7D0DF-824B-4A57-9BC0-AF7874E0E49B}.Debug|Any CPU.Build.0 = Debug|Any CPU
		{C6E7D0DF-824B-4A57-9BC0-AF7874E0E49B}.Debug|ARM.ActiveCfg = Debug|Any CPU
		{C6E7D0DF-824B-4A57-9BC0-AF7874E0E49B}.Debug|ARM.Build.0 = Debug|Any CPU
		{C6E7D0DF-824B-4A57-9BC0-AF7874E0E49B}.Debug|ARM64.ActiveCfg = Debug|Any CPU
		{C6E7D0DF-824B-4A57-9BC0-AF7874E0E49B}.Debug|ARM64.Build.0 = Debug|Any CPU
		{C6E7D0DF-824B-4A57-9BC0-AF7874E0E49B}.Debug|iPhone.ActiveCfg = Debug|Any CPU
		{C6E7D0DF-824B-4A57-9BC0-AF7874E0E49B}.Debug|iPhone.Build.0 = Debug|Any CPU
		{C6E7D0DF-824B-4A57-9BC0-AF7874E0E49B}.Debug|iPhoneSimulator.ActiveCfg = Debug|Any CPU
		{C6E7D0DF-824B-4A57-9BC0-AF7874E0E49B}.Debug|iPhoneSimulator.Build.0 = Debug|Any CPU
		{C6E7D0DF-824B-4A57-9BC0-AF7874E0E49B}.Debug|x64.ActiveCfg = Debug|Any CPU
		{C6E7D0DF-824B-4A57-9BC0-AF7874E0E49B}.Debug|x64.Build.0 = Debug|Any CPU
		{C6E7D0DF-824B-4A57-9BC0-AF7874E0E49B}.Debug|x86.ActiveCfg = Debug|Any CPU
		{C6E7D0DF-824B-4A57-9BC0-AF7874E0E49B}.Debug|x86.Build.0 = Debug|Any CPU
		{C6E7D0DF-824B-4A57-9BC0-AF7874E0E49B}.Release|Any CPU.ActiveCfg = Release|Any CPU
		{C6E7D0DF-824B-4A57-9BC0-AF7874E0E49B}.Release|Any CPU.Build.0 = Release|Any CPU
		{C6E7D0DF-824B-4A57-9BC0-AF7874E0E49B}.Release|ARM.ActiveCfg = Release|Any CPU
		{C6E7D0DF-824B-4A57-9BC0-AF7874E0E49B}.Release|ARM.Build.0 = Release|Any CPU
		{C6E7D0DF-824B-4A57-9BC0-AF7874E0E49B}.Release|ARM64.ActiveCfg = Release|Any CPU
		{C6E7D0DF-824B-4A57-9BC0-AF7874E0E49B}.Release|ARM64.Build.0 = Release|Any CPU
		{C6E7D0DF-824B-4A57-9BC0-AF7874E0E49B}.Release|iPhone.ActiveCfg = Release|Any CPU
		{C6E7D0DF-824B-4A57-9BC0-AF7874E0E49B}.Release|iPhone.Build.0 = Release|Any CPU
		{C6E7D0DF-824B-4A57-9BC0-AF7874E0E49B}.Release|iPhoneSimulator.ActiveCfg = Release|Any CPU
		{C6E7D0DF-824B-4A57-9BC0-AF7874E0E49B}.Release|iPhoneSimulator.Build.0 = Release|Any CPU
		{C6E7D0DF-824B-4A57-9BC0-AF7874E0E49B}.Release|x64.ActiveCfg = Release|Any CPU
		{C6E7D0DF-824B-4A57-9BC0-AF7874E0E49B}.Release|x64.Build.0 = Release|Any CPU
		{C6E7D0DF-824B-4A57-9BC0-AF7874E0E49B}.Release|x86.ActiveCfg = Release|Any CPU
		{C6E7D0DF-824B-4A57-9BC0-AF7874E0E49B}.Release|x86.Build.0 = Release|Any CPU
		{18EF3C1F-C3B0-4A4D-8929-86F54E9491AA}.Debug|Any CPU.ActiveCfg = Debug|Any CPU
		{18EF3C1F-C3B0-4A4D-8929-86F54E9491AA}.Debug|Any CPU.Build.0 = Debug|Any CPU
		{18EF3C1F-C3B0-4A4D-8929-86F54E9491AA}.Debug|ARM.ActiveCfg = Debug|Any CPU
		{18EF3C1F-C3B0-4A4D-8929-86F54E9491AA}.Debug|ARM.Build.0 = Debug|Any CPU
		{18EF3C1F-C3B0-4A4D-8929-86F54E9491AA}.Debug|ARM64.ActiveCfg = Debug|Any CPU
		{18EF3C1F-C3B0-4A4D-8929-86F54E9491AA}.Debug|ARM64.Build.0 = Debug|Any CPU
		{18EF3C1F-C3B0-4A4D-8929-86F54E9491AA}.Debug|iPhone.ActiveCfg = Debug|Any CPU
		{18EF3C1F-C3B0-4A4D-8929-86F54E9491AA}.Debug|iPhone.Build.0 = Debug|Any CPU
		{18EF3C1F-C3B0-4A4D-8929-86F54E9491AA}.Debug|iPhoneSimulator.ActiveCfg = Debug|Any CPU
		{18EF3C1F-C3B0-4A4D-8929-86F54E9491AA}.Debug|iPhoneSimulator.Build.0 = Debug|Any CPU
		{18EF3C1F-C3B0-4A4D-8929-86F54E9491AA}.Debug|x64.ActiveCfg = Debug|Any CPU
		{18EF3C1F-C3B0-4A4D-8929-86F54E9491AA}.Debug|x64.Build.0 = Debug|Any CPU
		{18EF3C1F-C3B0-4A4D-8929-86F54E9491AA}.Debug|x86.ActiveCfg = Debug|Any CPU
		{18EF3C1F-C3B0-4A4D-8929-86F54E9491AA}.Debug|x86.Build.0 = Debug|Any CPU
		{18EF3C1F-C3B0-4A4D-8929-86F54E9491AA}.Release|Any CPU.ActiveCfg = Release|Any CPU
		{18EF3C1F-C3B0-4A4D-8929-86F54E9491AA}.Release|Any CPU.Build.0 = Release|Any CPU
		{18EF3C1F-C3B0-4A4D-8929-86F54E9491AA}.Release|ARM.ActiveCfg = Release|Any CPU
		{18EF3C1F-C3B0-4A4D-8929-86F54E9491AA}.Release|ARM.Build.0 = Release|Any CPU
		{18EF3C1F-C3B0-4A4D-8929-86F54E9491AA}.Release|ARM64.ActiveCfg = Release|Any CPU
		{18EF3C1F-C3B0-4A4D-8929-86F54E9491AA}.Release|ARM64.Build.0 = Release|Any CPU
		{18EF3C1F-C3B0-4A4D-8929-86F54E9491AA}.Release|iPhone.ActiveCfg = Release|Any CPU
		{18EF3C1F-C3B0-4A4D-8929-86F54E9491AA}.Release|iPhone.Build.0 = Release|Any CPU
		{18EF3C1F-C3B0-4A4D-8929-86F54E9491AA}.Release|iPhoneSimulator.ActiveCfg = Release|Any CPU
		{18EF3C1F-C3B0-4A4D-8929-86F54E9491AA}.Release|iPhoneSimulator.Build.0 = Release|Any CPU
		{18EF3C1F-C3B0-4A4D-8929-86F54E9491AA}.Release|x64.ActiveCfg = Release|Any CPU
		{18EF3C1F-C3B0-4A4D-8929-86F54E9491AA}.Release|x64.Build.0 = Release|Any CPU
		{18EF3C1F-C3B0-4A4D-8929-86F54E9491AA}.Release|x86.ActiveCfg = Release|Any CPU
		{18EF3C1F-C3B0-4A4D-8929-86F54E9491AA}.Release|x86.Build.0 = Release|Any CPU
		{2D337300-B3E9-4A36-8387-76A9A1100C5B}.Debug|Any CPU.ActiveCfg = Debug|Any CPU
		{2D337300-B3E9-4A36-8387-76A9A1100C5B}.Debug|Any CPU.Build.0 = Debug|Any CPU
		{2D337300-B3E9-4A36-8387-76A9A1100C5B}.Debug|ARM.ActiveCfg = Debug|ARM
		{2D337300-B3E9-4A36-8387-76A9A1100C5B}.Debug|ARM.Build.0 = Debug|ARM
		{2D337300-B3E9-4A36-8387-76A9A1100C5B}.Debug|ARM64.ActiveCfg = Debug|ARM64
		{2D337300-B3E9-4A36-8387-76A9A1100C5B}.Debug|ARM64.Build.0 = Debug|ARM64
		{2D337300-B3E9-4A36-8387-76A9A1100C5B}.Debug|iPhone.ActiveCfg = Debug|Any CPU
		{2D337300-B3E9-4A36-8387-76A9A1100C5B}.Debug|iPhone.Build.0 = Debug|Any CPU
		{2D337300-B3E9-4A36-8387-76A9A1100C5B}.Debug|iPhoneSimulator.ActiveCfg = Debug|Any CPU
		{2D337300-B3E9-4A36-8387-76A9A1100C5B}.Debug|iPhoneSimulator.Build.0 = Debug|Any CPU
		{2D337300-B3E9-4A36-8387-76A9A1100C5B}.Debug|x64.ActiveCfg = Debug|x64
		{2D337300-B3E9-4A36-8387-76A9A1100C5B}.Debug|x64.Build.0 = Debug|x64
		{2D337300-B3E9-4A36-8387-76A9A1100C5B}.Debug|x86.ActiveCfg = Debug|x86
		{2D337300-B3E9-4A36-8387-76A9A1100C5B}.Debug|x86.Build.0 = Debug|x86
		{2D337300-B3E9-4A36-8387-76A9A1100C5B}.Release|Any CPU.ActiveCfg = Release|Any CPU
		{2D337300-B3E9-4A36-8387-76A9A1100C5B}.Release|Any CPU.Build.0 = Release|Any CPU
		{2D337300-B3E9-4A36-8387-76A9A1100C5B}.Release|ARM.ActiveCfg = Release|ARM
		{2D337300-B3E9-4A36-8387-76A9A1100C5B}.Release|ARM.Build.0 = Release|ARM
		{2D337300-B3E9-4A36-8387-76A9A1100C5B}.Release|ARM64.ActiveCfg = Release|ARM64
		{2D337300-B3E9-4A36-8387-76A9A1100C5B}.Release|ARM64.Build.0 = Release|ARM64
		{2D337300-B3E9-4A36-8387-76A9A1100C5B}.Release|iPhone.ActiveCfg = Release|Any CPU
		{2D337300-B3E9-4A36-8387-76A9A1100C5B}.Release|iPhone.Build.0 = Release|Any CPU
		{2D337300-B3E9-4A36-8387-76A9A1100C5B}.Release|iPhoneSimulator.ActiveCfg = Release|Any CPU
		{2D337300-B3E9-4A36-8387-76A9A1100C5B}.Release|iPhoneSimulator.Build.0 = Release|Any CPU
		{2D337300-B3E9-4A36-8387-76A9A1100C5B}.Release|x64.ActiveCfg = Release|x64
		{2D337300-B3E9-4A36-8387-76A9A1100C5B}.Release|x64.Build.0 = Release|x64
		{2D337300-B3E9-4A36-8387-76A9A1100C5B}.Release|x86.ActiveCfg = Release|x86
		{2D337300-B3E9-4A36-8387-76A9A1100C5B}.Release|x86.Build.0 = Release|x86
		{F8BA5DE0-AEC0-4423-B036-5F9157E939D0}.Debug|Any CPU.ActiveCfg = Debug|Any CPU
		{F8BA5DE0-AEC0-4423-B036-5F9157E939D0}.Debug|Any CPU.Build.0 = Debug|Any CPU
		{F8BA5DE0-AEC0-4423-B036-5F9157E939D0}.Debug|ARM.ActiveCfg = Debug|Any CPU
		{F8BA5DE0-AEC0-4423-B036-5F9157E939D0}.Debug|ARM.Build.0 = Debug|Any CPU
		{F8BA5DE0-AEC0-4423-B036-5F9157E939D0}.Debug|ARM64.ActiveCfg = Debug|Any CPU
		{F8BA5DE0-AEC0-4423-B036-5F9157E939D0}.Debug|ARM64.Build.0 = Debug|Any CPU
		{F8BA5DE0-AEC0-4423-B036-5F9157E939D0}.Debug|iPhone.ActiveCfg = Debug|Any CPU
		{F8BA5DE0-AEC0-4423-B036-5F9157E939D0}.Debug|iPhone.Build.0 = Debug|Any CPU
		{F8BA5DE0-AEC0-4423-B036-5F9157E939D0}.Debug|iPhoneSimulator.ActiveCfg = Debug|Any CPU
		{F8BA5DE0-AEC0-4423-B036-5F9157E939D0}.Debug|iPhoneSimulator.Build.0 = Debug|Any CPU
		{F8BA5DE0-AEC0-4423-B036-5F9157E939D0}.Debug|x64.ActiveCfg = Debug|Any CPU
		{F8BA5DE0-AEC0-4423-B036-5F9157E939D0}.Debug|x64.Build.0 = Debug|Any CPU
		{F8BA5DE0-AEC0-4423-B036-5F9157E939D0}.Debug|x86.ActiveCfg = Debug|Any CPU
		{F8BA5DE0-AEC0-4423-B036-5F9157E939D0}.Debug|x86.Build.0 = Debug|Any CPU
		{F8BA5DE0-AEC0-4423-B036-5F9157E939D0}.Release|Any CPU.ActiveCfg = Release|Any CPU
		{F8BA5DE0-AEC0-4423-B036-5F9157E939D0}.Release|Any CPU.Build.0 = Release|Any CPU
		{F8BA5DE0-AEC0-4423-B036-5F9157E939D0}.Release|ARM.ActiveCfg = Release|Any CPU
		{F8BA5DE0-AEC0-4423-B036-5F9157E939D0}.Release|ARM.Build.0 = Release|Any CPU
		{F8BA5DE0-AEC0-4423-B036-5F9157E939D0}.Release|ARM64.ActiveCfg = Release|Any CPU
		{F8BA5DE0-AEC0-4423-B036-5F9157E939D0}.Release|ARM64.Build.0 = Release|Any CPU
		{F8BA5DE0-AEC0-4423-B036-5F9157E939D0}.Release|iPhone.ActiveCfg = Release|Any CPU
		{F8BA5DE0-AEC0-4423-B036-5F9157E939D0}.Release|iPhone.Build.0 = Release|Any CPU
		{F8BA5DE0-AEC0-4423-B036-5F9157E939D0}.Release|iPhoneSimulator.ActiveCfg = Release|Any CPU
		{F8BA5DE0-AEC0-4423-B036-5F9157E939D0}.Release|iPhoneSimulator.Build.0 = Release|Any CPU
		{F8BA5DE0-AEC0-4423-B036-5F9157E939D0}.Release|x64.ActiveCfg = Release|Any CPU
		{F8BA5DE0-AEC0-4423-B036-5F9157E939D0}.Release|x64.Build.0 = Release|Any CPU
		{F8BA5DE0-AEC0-4423-B036-5F9157E939D0}.Release|x86.ActiveCfg = Release|Any CPU
		{F8BA5DE0-AEC0-4423-B036-5F9157E939D0}.Release|x86.Build.0 = Release|Any CPU
		{4E8FDDAC-4925-4AC3-848D-B9485DA980D4}.Debug|Any CPU.ActiveCfg = Debug|Any CPU
		{4E8FDDAC-4925-4AC3-848D-B9485DA980D4}.Debug|Any CPU.Build.0 = Debug|Any CPU
		{4E8FDDAC-4925-4AC3-848D-B9485DA980D4}.Debug|ARM.ActiveCfg = Debug|Any CPU
		{4E8FDDAC-4925-4AC3-848D-B9485DA980D4}.Debug|ARM.Build.0 = Debug|Any CPU
		{4E8FDDAC-4925-4AC3-848D-B9485DA980D4}.Debug|ARM64.ActiveCfg = Debug|Any CPU
		{4E8FDDAC-4925-4AC3-848D-B9485DA980D4}.Debug|ARM64.Build.0 = Debug|Any CPU
		{4E8FDDAC-4925-4AC3-848D-B9485DA980D4}.Debug|iPhone.ActiveCfg = Debug|Any CPU
		{4E8FDDAC-4925-4AC3-848D-B9485DA980D4}.Debug|iPhone.Build.0 = Debug|Any CPU
		{4E8FDDAC-4925-4AC3-848D-B9485DA980D4}.Debug|iPhoneSimulator.ActiveCfg = Debug|Any CPU
		{4E8FDDAC-4925-4AC3-848D-B9485DA980D4}.Debug|iPhoneSimulator.Build.0 = Debug|Any CPU
		{4E8FDDAC-4925-4AC3-848D-B9485DA980D4}.Debug|x64.ActiveCfg = Debug|Any CPU
		{4E8FDDAC-4925-4AC3-848D-B9485DA980D4}.Debug|x64.Build.0 = Debug|Any CPU
		{4E8FDDAC-4925-4AC3-848D-B9485DA980D4}.Debug|x86.ActiveCfg = Debug|Any CPU
		{4E8FDDAC-4925-4AC3-848D-B9485DA980D4}.Debug|x86.Build.0 = Debug|Any CPU
		{4E8FDDAC-4925-4AC3-848D-B9485DA980D4}.Release|Any CPU.ActiveCfg = Release|Any CPU
		{4E8FDDAC-4925-4AC3-848D-B9485DA980D4}.Release|Any CPU.Build.0 = Release|Any CPU
		{4E8FDDAC-4925-4AC3-848D-B9485DA980D4}.Release|ARM.ActiveCfg = Release|Any CPU
		{4E8FDDAC-4925-4AC3-848D-B9485DA980D4}.Release|ARM.Build.0 = Release|Any CPU
		{4E8FDDAC-4925-4AC3-848D-B9485DA980D4}.Release|ARM64.ActiveCfg = Release|Any CPU
		{4E8FDDAC-4925-4AC3-848D-B9485DA980D4}.Release|ARM64.Build.0 = Release|Any CPU
		{4E8FDDAC-4925-4AC3-848D-B9485DA980D4}.Release|iPhone.ActiveCfg = Release|Any CPU
		{4E8FDDAC-4925-4AC3-848D-B9485DA980D4}.Release|iPhone.Build.0 = Release|Any CPU
		{4E8FDDAC-4925-4AC3-848D-B9485DA980D4}.Release|iPhoneSimulator.ActiveCfg = Release|Any CPU
		{4E8FDDAC-4925-4AC3-848D-B9485DA980D4}.Release|iPhoneSimulator.Build.0 = Release|Any CPU
		{4E8FDDAC-4925-4AC3-848D-B9485DA980D4}.Release|x64.ActiveCfg = Release|Any CPU
		{4E8FDDAC-4925-4AC3-848D-B9485DA980D4}.Release|x64.Build.0 = Release|Any CPU
		{4E8FDDAC-4925-4AC3-848D-B9485DA980D4}.Release|x86.ActiveCfg = Release|Any CPU
		{4E8FDDAC-4925-4AC3-848D-B9485DA980D4}.Release|x86.Build.0 = Release|Any CPU
		{35664234-EB75-47BA-A082-9F96BDF6FC92}.Debug|Any CPU.ActiveCfg = Debug|x86
		{35664234-EB75-47BA-A082-9F96BDF6FC92}.Debug|Any CPU.Deploy.0 = Debug|x86
		{35664234-EB75-47BA-A082-9F96BDF6FC92}.Debug|ARM.ActiveCfg = Debug|ARM
		{35664234-EB75-47BA-A082-9F96BDF6FC92}.Debug|ARM.Build.0 = Debug|ARM
		{35664234-EB75-47BA-A082-9F96BDF6FC92}.Debug|ARM.Deploy.0 = Debug|ARM
		{35664234-EB75-47BA-A082-9F96BDF6FC92}.Debug|ARM64.ActiveCfg = Debug|ARM64
		{35664234-EB75-47BA-A082-9F96BDF6FC92}.Debug|ARM64.Build.0 = Debug|ARM64
		{35664234-EB75-47BA-A082-9F96BDF6FC92}.Debug|ARM64.Deploy.0 = Debug|ARM64
		{35664234-EB75-47BA-A082-9F96BDF6FC92}.Debug|iPhone.ActiveCfg = Debug|x86
		{35664234-EB75-47BA-A082-9F96BDF6FC92}.Debug|iPhoneSimulator.ActiveCfg = Debug|x86
		{35664234-EB75-47BA-A082-9F96BDF6FC92}.Debug|x64.ActiveCfg = Debug|x64
		{35664234-EB75-47BA-A082-9F96BDF6FC92}.Debug|x64.Build.0 = Debug|x64
		{35664234-EB75-47BA-A082-9F96BDF6FC92}.Debug|x64.Deploy.0 = Debug|x64
		{35664234-EB75-47BA-A082-9F96BDF6FC92}.Debug|x86.ActiveCfg = Debug|x86
		{35664234-EB75-47BA-A082-9F96BDF6FC92}.Debug|x86.Build.0 = Debug|x86
		{35664234-EB75-47BA-A082-9F96BDF6FC92}.Debug|x86.Deploy.0 = Debug|x86
		{35664234-EB75-47BA-A082-9F96BDF6FC92}.Release|Any CPU.ActiveCfg = Release|x86
		{35664234-EB75-47BA-A082-9F96BDF6FC92}.Release|ARM.ActiveCfg = Release|ARM
		{35664234-EB75-47BA-A082-9F96BDF6FC92}.Release|ARM.Build.0 = Release|ARM
		{35664234-EB75-47BA-A082-9F96BDF6FC92}.Release|ARM.Deploy.0 = Release|ARM
		{35664234-EB75-47BA-A082-9F96BDF6FC92}.Release|ARM64.ActiveCfg = Release|ARM64
		{35664234-EB75-47BA-A082-9F96BDF6FC92}.Release|ARM64.Build.0 = Release|ARM64
		{35664234-EB75-47BA-A082-9F96BDF6FC92}.Release|ARM64.Deploy.0 = Release|ARM64
		{35664234-EB75-47BA-A082-9F96BDF6FC92}.Release|iPhone.ActiveCfg = Release|x86
		{35664234-EB75-47BA-A082-9F96BDF6FC92}.Release|iPhoneSimulator.ActiveCfg = Release|x86
		{35664234-EB75-47BA-A082-9F96BDF6FC92}.Release|x64.ActiveCfg = Release|x64
		{35664234-EB75-47BA-A082-9F96BDF6FC92}.Release|x64.Build.0 = Release|x64
		{35664234-EB75-47BA-A082-9F96BDF6FC92}.Release|x64.Deploy.0 = Release|x64
		{35664234-EB75-47BA-A082-9F96BDF6FC92}.Release|x86.ActiveCfg = Release|x86
		{35664234-EB75-47BA-A082-9F96BDF6FC92}.Release|x86.Build.0 = Release|x86
		{35664234-EB75-47BA-A082-9F96BDF6FC92}.Release|x86.Deploy.0 = Release|x86
		{0FC87DE5-B5E5-4846-894B-824497118143}.Debug|Any CPU.ActiveCfg = Debug|Any CPU
		{0FC87DE5-B5E5-4846-894B-824497118143}.Debug|Any CPU.Build.0 = Debug|Any CPU
		{0FC87DE5-B5E5-4846-894B-824497118143}.Debug|ARM.ActiveCfg = Debug|Any CPU
		{0FC87DE5-B5E5-4846-894B-824497118143}.Debug|ARM.Build.0 = Debug|Any CPU
		{0FC87DE5-B5E5-4846-894B-824497118143}.Debug|ARM64.ActiveCfg = Debug|Any CPU
		{0FC87DE5-B5E5-4846-894B-824497118143}.Debug|ARM64.Build.0 = Debug|Any CPU
		{0FC87DE5-B5E5-4846-894B-824497118143}.Debug|iPhone.ActiveCfg = Debug|Any CPU
		{0FC87DE5-B5E5-4846-894B-824497118143}.Debug|iPhone.Build.0 = Debug|Any CPU
		{0FC87DE5-B5E5-4846-894B-824497118143}.Debug|iPhoneSimulator.ActiveCfg = Debug|Any CPU
		{0FC87DE5-B5E5-4846-894B-824497118143}.Debug|iPhoneSimulator.Build.0 = Debug|Any CPU
		{0FC87DE5-B5E5-4846-894B-824497118143}.Debug|x64.ActiveCfg = Debug|Any CPU
		{0FC87DE5-B5E5-4846-894B-824497118143}.Debug|x64.Build.0 = Debug|Any CPU
		{0FC87DE5-B5E5-4846-894B-824497118143}.Debug|x86.ActiveCfg = Debug|Any CPU
		{0FC87DE5-B5E5-4846-894B-824497118143}.Debug|x86.Build.0 = Debug|Any CPU
		{0FC87DE5-B5E5-4846-894B-824497118143}.Release|Any CPU.ActiveCfg = Release|Any CPU
		{0FC87DE5-B5E5-4846-894B-824497118143}.Release|Any CPU.Build.0 = Release|Any CPU
		{0FC87DE5-B5E5-4846-894B-824497118143}.Release|ARM.ActiveCfg = Release|Any CPU
		{0FC87DE5-B5E5-4846-894B-824497118143}.Release|ARM.Build.0 = Release|Any CPU
		{0FC87DE5-B5E5-4846-894B-824497118143}.Release|ARM64.ActiveCfg = Release|Any CPU
		{0FC87DE5-B5E5-4846-894B-824497118143}.Release|ARM64.Build.0 = Release|Any CPU
		{0FC87DE5-B5E5-4846-894B-824497118143}.Release|iPhone.ActiveCfg = Release|Any CPU
		{0FC87DE5-B5E5-4846-894B-824497118143}.Release|iPhone.Build.0 = Release|Any CPU
		{0FC87DE5-B5E5-4846-894B-824497118143}.Release|iPhoneSimulator.ActiveCfg = Release|Any CPU
		{0FC87DE5-B5E5-4846-894B-824497118143}.Release|iPhoneSimulator.Build.0 = Release|Any CPU
		{0FC87DE5-B5E5-4846-894B-824497118143}.Release|x64.ActiveCfg = Release|Any CPU
		{0FC87DE5-B5E5-4846-894B-824497118143}.Release|x64.Build.0 = Release|Any CPU
		{0FC87DE5-B5E5-4846-894B-824497118143}.Release|x86.ActiveCfg = Release|Any CPU
		{0FC87DE5-B5E5-4846-894B-824497118143}.Release|x86.Build.0 = Release|Any CPU
	EndGlobalSection
	GlobalSection(SolutionProperties) = preSolution
		HideSolutionNode = FALSE
	EndGlobalSection
	GlobalSection(NestedProjects) = preSolution
		{DE1BA22F-7E7B-40EC-9301-8E02A9A25E0A} = {A945EE6E-34D6-4FE3-A8CE-45F2F374188D}
		{6EC9CA25-09ED-4F80-8D23-39FB28294A3E} = {534265F2-412C-42BF-B5B5-9940D1F5F4DA}
		{CC766EBA-D4BC-4460-805D-5041C10A70EE} = {534265F2-412C-42BF-B5B5-9940D1F5F4DA}
		{B7A0E6E6-0674-4DED-BC9B-7CED0184104B} = {534265F2-412C-42BF-B5B5-9940D1F5F4DA}
		{F86E3A30-8D79-4E77-BB8A-F05A904DC942} = {DA8A695F-68D7-4858-96D0-1AC0BCC5EA5D}
		{12BE5947-A64A-4968-96A6-5CA3CE36C244} = {DA8A695F-68D7-4858-96D0-1AC0BCC5EA5D}
		{9DF36DBF-AFE6-438D-B7A6-1B5FB3D1D6D1} = {A945EE6E-34D6-4FE3-A8CE-45F2F374188D}
		{C6E7D0DF-824B-4A57-9BC0-AF7874E0E49B} = {F36B5545-F798-4371-A17C-B0CB5EE1C76B}
		{18EF3C1F-C3B0-4A4D-8929-86F54E9491AA} = {F36B5545-F798-4371-A17C-B0CB5EE1C76B}
		{D7B239B7-2883-4B53-8873-5A3DD82578AC} = {F36B5545-F798-4371-A17C-B0CB5EE1C76B}
		{2D337300-B3E9-4A36-8387-76A9A1100C5B} = {A945EE6E-34D6-4FE3-A8CE-45F2F374188D}
		{F8BA5DE0-AEC0-4423-B036-5F9157E939D0} = {A945EE6E-34D6-4FE3-A8CE-45F2F374188D}
		{4F101B9A-EF2C-47B6-B7E0-007FE8B97168} = {6EA10C36-41FC-4FDF-B3F7-1F2828ABC896}
		{4E8FDDAC-4925-4AC3-848D-B9485DA980D4} = {6EA10C36-41FC-4FDF-B3F7-1F2828ABC896}
		{35664234-EB75-47BA-A082-9F96BDF6FC92} = {DA8A695F-68D7-4858-96D0-1AC0BCC5EA5D}
		{0FC87DE5-B5E5-4846-894B-824497118143} = {DA8A695F-68D7-4858-96D0-1AC0BCC5EA5D}
	EndGlobalSection
	GlobalSection(ExtensibilityGlobals) = postSolution
		SolutionGuid = {31A84298-577D-49BF-A9AD-CE009C5E92E6}
	EndGlobalSection
EndGlobal
