Microsoft Visual Studio Solution File, Format Version 12.00
# Visual Studio Version 16
VisualStudioVersion = 16.0.29025.244
MinimumVisualStudioVersion = 10.0.40219.1
Project("{2150E333-8FDC-42A3-9474-1A3956D46DE8}") = "IDE", "IDE", "{6EA10C36-41FC-4FDF-B3F7-1F2828ABC896}"
EndProject
Project("{2150E333-8FDC-42A3-9474-1A3956D46DE8}") = "Platforms", "Platforms", "{534265F2-412C-42BF-B5B5-9940D1F5F4DA}"
EndProject
Project("{D954291E-2A0B-460D-934E-DC6B0785DB48}") = "System.Maui.Reload.Client", "System.Maui.Reload.Client\System.Maui.Reload.Client.shproj", "{6EC9CA25-09ED-4F80-8D23-39FB28294A3E}"
EndProject
Project("{FAE04EC0-301F-11D3-BF4B-00C04F79EFBC}") = "System.Maui.Reload.iOS", "System.Maui.Reload.iOS\System.Maui.Reload.iOS.csproj", "{CC766EBA-D4BC-4460-805D-5041C10A70EE}"
EndProject
Project("{9A19103F-16F7-4668-BE54-9A1E7A4F7556}") = "System.Maui.Reload.Roslyn", "System.Maui.Reload.Roslyn\System.Maui.Reload.Roslyn.csproj", "{B7A0E6E6-0674-4DED-BC9B-7CED0184104B}"
EndProject
Project("{D954291E-2A0B-460D-934E-DC6B0785DB48}") = "System.Maui.Reload.Core", "System.Maui.Reload.Core\System.Maui.Reload.Core.shproj", "{4AF14C8D-878A-4CB4-8B61-60A531AB358B}"
EndProject
Project("{FAE04EC0-301F-11D3-BF4B-00C04F79EFBC}") = "System.Maui.Reload.Build.Tasks", "System.Maui.Reload.Build\System.Maui.Reload.Build.Tasks.csproj", "{B960F8D7-25B3-46E9-A95C-E539192B5744}"
EndProject
Project("{2150E333-8FDC-42A3-9474-1A3956D46DE8}") = "Tests", "Tests", "{F36B5545-F798-4371-A17C-B0CB5EE1C76B}"
EndProject
Project("{FAE04EC0-301F-11D3-BF4B-00C04F79EFBC}") = "System.Maui.Reload.Tests", "Tests\System.Maui.Reload.Tests\System.Maui.Reload.Tests.csproj", "{C6E7D0DF-824B-4A57-9BC0-AF7874E0E49B}"
EndProject
Project("{9A19103F-16F7-4668-BE54-9A1E7A4F7556}") = "System.Maui.Reload.NetCore.Tests", "Tests\System.Maui.Reload.NetCore.Tests\System.Maui.Reload.NetCore.Tests.csproj", "{18EF3C1F-C3B0-4A4D-8929-86F54E9491AA}"
EndProject
Project("{D954291E-2A0B-460D-934E-DC6B0785DB48}") = "System.Maui.Reload.Tests.Shared", "Tests\System.Maui.Reload.Tests.Shared\System.Maui.Reload.Tests.Shared.shproj", "{D7B239B7-2883-4B53-8873-5A3DD82578AC}"
EndProject
Project("{D954291E-2A0B-460D-934E-DC6B0785DB48}") = "System.Maui.Reload.IDE", "System.Maui.Reload.IDE\System.Maui.Reload.IDE.shproj", "{4F101B9A-EF2C-47B6-B7E0-007FE8B97168}"
EndProject
Project("{FAE04EC0-301F-11D3-BF4B-00C04F79EFBC}") = "System.Maui.Reload.Android", "System.Maui.Reload.Android\System.Maui.Reload.Android.csproj", "{C4AD509A-5B07-4509-8667-043291626006}"
EndProject
Project("{FAE04EC0-301F-11D3-BF4B-00C04F79EFBC}") = "System.Maui.Reload.VSMac", "System.Maui.Reload.VSMac\System.Maui.Reload.VSMac.csproj", "{63E0DB48-2173-405F-8D05-CCFA9C4E1685}"
EndProject
Project("{2150E333-8FDC-42A3-9474-1A3956D46DE8}") = "Src", "Src", "{23538449-7F1F-49F5-9061-2C1D47CDBE57}"
EndProject
Project("{FAE04EC0-301F-11D3-BF4B-00C04F79EFBC}") = "System.Maui", "..\Comet\src\System.Maui\System.Maui.csproj", "{7A043E9A-C36A-4A7A-9C40-1A30B4AA0742}"
EndProject
Global
	GlobalSection(SharedMSBuildProjectFiles) = preSolution
		System.Maui.Reload.Core\System.Maui.Reload.Core.projitems*{4af14c8d-878a-4cb4-8b61-60a531ab358b}*SharedItemsImports = 13
		System.Maui.Reload.Client\System.Maui.Reload.Client.projitems*{6ec9ca25-09ed-4f80-8d23-39fb28294a3e}*SharedItemsImports = 13
		System.Maui.Reload.Client\System.Maui.Reload.Client.projitems*{c6e7d0df-824b-4a57-9bc0-af7874e0e49b}*SharedItemsImports = 4
		System.Maui.Reload.Core\System.Maui.Reload.Core.projitems*{c6e7d0df-824b-4a57-9bc0-af7874e0e49b}*SharedItemsImports = 4
		Tests\System.Maui.Reload.Tests.Shared\System.Maui.Reload.Tests.Shared.projitems*{c6e7d0df-824b-4a57-9bc0-af7874e0e49b}*SharedItemsImports = 4
		System.Maui.Reload.Client\System.Maui.Reload.Client.projitems*{cc766eba-d4bc-4460-805d-5041c10a70ee}*SharedItemsImports = 4
		System.Maui.Reload.Core\System.Maui.Reload.Core.projitems*{cc766eba-d4bc-4460-805d-5041c10a70ee}*SharedItemsImports = 4
		Tests\System.Maui.Reload.Tests.Shared\System.Maui.Reload.Tests.Shared.projitems*{d7b239b7-2883-4b53-8873-5a3dd82578ac}*SharedItemsImports = 13
	EndGlobalSection
	GlobalSection(SolutionConfigurationPlatforms) = preSolution
		Debug|Any CPU = Debug|Any CPU
		Debug|iPhone = Debug|iPhone
		Debug|iPhoneSimulator = Debug|iPhoneSimulator
		Release|Any CPU = Release|Any CPU
		Release|iPhone = Release|iPhone
		Release|iPhoneSimulator = Release|iPhoneSimulator
	EndGlobalSection
	GlobalSection(ProjectConfigurationPlatforms) = postSolution
		{CC766EBA-D4BC-4460-805D-5041C10A70EE}.Debug|Any CPU.ActiveCfg = Debug|Any CPU
		{CC766EBA-D4BC-4460-805D-5041C10A70EE}.Debug|Any CPU.Build.0 = Debug|Any CPU
		{CC766EBA-D4BC-4460-805D-5041C10A70EE}.Debug|iPhone.ActiveCfg = Debug|Any CPU
		{CC766EBA-D4BC-4460-805D-5041C10A70EE}.Debug|iPhone.Build.0 = Debug|Any CPU
		{CC766EBA-D4BC-4460-805D-5041C10A70EE}.Debug|iPhoneSimulator.ActiveCfg = Debug|Any CPU
		{CC766EBA-D4BC-4460-805D-5041C10A70EE}.Debug|iPhoneSimulator.Build.0 = Debug|Any CPU
		{CC766EBA-D4BC-4460-805D-5041C10A70EE}.Release|Any CPU.ActiveCfg = Release|Any CPU
		{CC766EBA-D4BC-4460-805D-5041C10A70EE}.Release|Any CPU.Build.0 = Release|Any CPU
		{CC766EBA-D4BC-4460-805D-5041C10A70EE}.Release|iPhone.ActiveCfg = Release|Any CPU
		{CC766EBA-D4BC-4460-805D-5041C10A70EE}.Release|iPhone.Build.0 = Release|Any CPU
		{CC766EBA-D4BC-4460-805D-5041C10A70EE}.Release|iPhoneSimulator.ActiveCfg = Release|Any CPU
		{CC766EBA-D4BC-4460-805D-5041C10A70EE}.Release|iPhoneSimulator.Build.0 = Release|Any CPU
		{B7A0E6E6-0674-4DED-BC9B-7CED0184104B}.Debug|Any CPU.ActiveCfg = Debug|Any CPU
		{B7A0E6E6-0674-4DED-BC9B-7CED0184104B}.Debug|Any CPU.Build.0 = Debug|Any CPU
		{B7A0E6E6-0674-4DED-BC9B-7CED0184104B}.Debug|iPhone.ActiveCfg = Debug|Any CPU
		{B7A0E6E6-0674-4DED-BC9B-7CED0184104B}.Debug|iPhone.Build.0 = Debug|Any CPU
		{B7A0E6E6-0674-4DED-BC9B-7CED0184104B}.Debug|iPhoneSimulator.ActiveCfg = Debug|Any CPU
		{B7A0E6E6-0674-4DED-BC9B-7CED0184104B}.Debug|iPhoneSimulator.Build.0 = Debug|Any CPU
		{B7A0E6E6-0674-4DED-BC9B-7CED0184104B}.Release|Any CPU.ActiveCfg = Release|Any CPU
		{B7A0E6E6-0674-4DED-BC9B-7CED0184104B}.Release|Any CPU.Build.0 = Release|Any CPU
		{B7A0E6E6-0674-4DED-BC9B-7CED0184104B}.Release|iPhone.ActiveCfg = Release|Any CPU
		{B7A0E6E6-0674-4DED-BC9B-7CED0184104B}.Release|iPhone.Build.0 = Release|Any CPU
		{B7A0E6E6-0674-4DED-BC9B-7CED0184104B}.Release|iPhoneSimulator.ActiveCfg = Release|Any CPU
		{B7A0E6E6-0674-4DED-BC9B-7CED0184104B}.Release|iPhoneSimulator.Build.0 = Release|Any CPU
		{B960F8D7-25B3-46E9-A95C-E539192B5744}.Debug|Any CPU.ActiveCfg = Debug|Any CPU
		{B960F8D7-25B3-46E9-A95C-E539192B5744}.Debug|Any CPU.Build.0 = Debug|Any CPU
		{B960F8D7-25B3-46E9-A95C-E539192B5744}.Debug|iPhone.ActiveCfg = Debug|Any CPU
		{B960F8D7-25B3-46E9-A95C-E539192B5744}.Debug|iPhone.Build.0 = Debug|Any CPU
		{B960F8D7-25B3-46E9-A95C-E539192B5744}.Debug|iPhoneSimulator.ActiveCfg = Debug|Any CPU
		{B960F8D7-25B3-46E9-A95C-E539192B5744}.Debug|iPhoneSimulator.Build.0 = Debug|Any CPU
		{B960F8D7-25B3-46E9-A95C-E539192B5744}.Release|Any CPU.ActiveCfg = Release|Any CPU
		{B960F8D7-25B3-46E9-A95C-E539192B5744}.Release|Any CPU.Build.0 = Release|Any CPU
		{B960F8D7-25B3-46E9-A95C-E539192B5744}.Release|iPhone.ActiveCfg = Release|Any CPU
		{B960F8D7-25B3-46E9-A95C-E539192B5744}.Release|iPhone.Build.0 = Release|Any CPU
		{B960F8D7-25B3-46E9-A95C-E539192B5744}.Release|iPhoneSimulator.ActiveCfg = Release|Any CPU
		{B960F8D7-25B3-46E9-A95C-E539192B5744}.Release|iPhoneSimulator.Build.0 = Release|Any CPU
		{C6E7D0DF-824B-4A57-9BC0-AF7874E0E49B}.Debug|Any CPU.ActiveCfg = Debug|Any CPU
		{C6E7D0DF-824B-4A57-9BC0-AF7874E0E49B}.Debug|Any CPU.Build.0 = Debug|Any CPU
		{C6E7D0DF-824B-4A57-9BC0-AF7874E0E49B}.Debug|iPhone.ActiveCfg = Debug|Any CPU
		{C6E7D0DF-824B-4A57-9BC0-AF7874E0E49B}.Debug|iPhone.Build.0 = Debug|Any CPU
		{C6E7D0DF-824B-4A57-9BC0-AF7874E0E49B}.Debug|iPhoneSimulator.ActiveCfg = Debug|Any CPU
		{C6E7D0DF-824B-4A57-9BC0-AF7874E0E49B}.Debug|iPhoneSimulator.Build.0 = Debug|Any CPU
		{C6E7D0DF-824B-4A57-9BC0-AF7874E0E49B}.Release|Any CPU.ActiveCfg = Release|Any CPU
		{C6E7D0DF-824B-4A57-9BC0-AF7874E0E49B}.Release|Any CPU.Build.0 = Release|Any CPU
		{C6E7D0DF-824B-4A57-9BC0-AF7874E0E49B}.Release|iPhone.ActiveCfg = Release|Any CPU
		{C6E7D0DF-824B-4A57-9BC0-AF7874E0E49B}.Release|iPhone.Build.0 = Release|Any CPU
		{C6E7D0DF-824B-4A57-9BC0-AF7874E0E49B}.Release|iPhoneSimulator.ActiveCfg = Release|Any CPU
		{C6E7D0DF-824B-4A57-9BC0-AF7874E0E49B}.Release|iPhoneSimulator.Build.0 = Release|Any CPU
		{18EF3C1F-C3B0-4A4D-8929-86F54E9491AA}.Debug|Any CPU.ActiveCfg = Debug|Any CPU
		{18EF3C1F-C3B0-4A4D-8929-86F54E9491AA}.Debug|Any CPU.Build.0 = Debug|Any CPU
		{18EF3C1F-C3B0-4A4D-8929-86F54E9491AA}.Debug|iPhone.ActiveCfg = Debug|Any CPU
		{18EF3C1F-C3B0-4A4D-8929-86F54E9491AA}.Debug|iPhone.Build.0 = Debug|Any CPU
		{18EF3C1F-C3B0-4A4D-8929-86F54E9491AA}.Debug|iPhoneSimulator.ActiveCfg = Debug|Any CPU
		{18EF3C1F-C3B0-4A4D-8929-86F54E9491AA}.Debug|iPhoneSimulator.Build.0 = Debug|Any CPU
		{18EF3C1F-C3B0-4A4D-8929-86F54E9491AA}.Release|Any CPU.ActiveCfg = Release|Any CPU
		{18EF3C1F-C3B0-4A4D-8929-86F54E9491AA}.Release|Any CPU.Build.0 = Release|Any CPU
		{18EF3C1F-C3B0-4A4D-8929-86F54E9491AA}.Release|iPhone.ActiveCfg = Release|Any CPU
		{18EF3C1F-C3B0-4A4D-8929-86F54E9491AA}.Release|iPhone.Build.0 = Release|Any CPU
		{18EF3C1F-C3B0-4A4D-8929-86F54E9491AA}.Release|iPhoneSimulator.ActiveCfg = Release|Any CPU
		{18EF3C1F-C3B0-4A4D-8929-86F54E9491AA}.Release|iPhoneSimulator.Build.0 = Release|Any CPU
		{C4AD509A-5B07-4509-8667-043291626006}.Debug|Any CPU.ActiveCfg = Debug|Any CPU
		{C4AD509A-5B07-4509-8667-043291626006}.Debug|Any CPU.Build.0 = Debug|Any CPU
		{C4AD509A-5B07-4509-8667-043291626006}.Debug|iPhone.ActiveCfg = Debug|Any CPU
		{C4AD509A-5B07-4509-8667-043291626006}.Debug|iPhone.Build.0 = Debug|Any CPU
		{C4AD509A-5B07-4509-8667-043291626006}.Debug|iPhoneSimulator.ActiveCfg = Debug|Any CPU
		{C4AD509A-5B07-4509-8667-043291626006}.Debug|iPhoneSimulator.Build.0 = Debug|Any CPU
		{C4AD509A-5B07-4509-8667-043291626006}.Release|Any CPU.ActiveCfg = Release|Any CPU
		{C4AD509A-5B07-4509-8667-043291626006}.Release|Any CPU.Build.0 = Release|Any CPU
		{C4AD509A-5B07-4509-8667-043291626006}.Release|iPhone.ActiveCfg = Release|Any CPU
		{C4AD509A-5B07-4509-8667-043291626006}.Release|iPhone.Build.0 = Release|Any CPU
		{C4AD509A-5B07-4509-8667-043291626006}.Release|iPhoneSimulator.ActiveCfg = Release|Any CPU
		{C4AD509A-5B07-4509-8667-043291626006}.Release|iPhoneSimulator.Build.0 = Release|Any CPU
		{63E0DB48-2173-405F-8D05-CCFA9C4E1685}.Debug|Any CPU.ActiveCfg = Debug|Any CPU
		{63E0DB48-2173-405F-8D05-CCFA9C4E1685}.Debug|Any CPU.Build.0 = Debug|Any CPU
		{63E0DB48-2173-405F-8D05-CCFA9C4E1685}.Debug|iPhone.ActiveCfg = Debug|Any CPU
		{63E0DB48-2173-405F-8D05-CCFA9C4E1685}.Debug|iPhone.Build.0 = Debug|Any CPU
		{63E0DB48-2173-405F-8D05-CCFA9C4E1685}.Debug|iPhoneSimulator.ActiveCfg = Debug|Any CPU
		{63E0DB48-2173-405F-8D05-CCFA9C4E1685}.Debug|iPhoneSimulator.Build.0 = Debug|Any CPU
		{63E0DB48-2173-405F-8D05-CCFA9C4E1685}.Release|Any CPU.ActiveCfg = Release|Any CPU
		{63E0DB48-2173-405F-8D05-CCFA9C4E1685}.Release|Any CPU.Build.0 = Release|Any CPU
		{63E0DB48-2173-405F-8D05-CCFA9C4E1685}.Release|iPhone.ActiveCfg = Release|Any CPU
		{63E0DB48-2173-405F-8D05-CCFA9C4E1685}.Release|iPhone.Build.0 = Release|Any CPU
		{63E0DB48-2173-405F-8D05-CCFA9C4E1685}.Release|iPhoneSimulator.ActiveCfg = Release|Any CPU
		{63E0DB48-2173-405F-8D05-CCFA9C4E1685}.Release|iPhoneSimulator.Build.0 = Release|Any CPU
		{7A043E9A-C36A-4A7A-9C40-1A30B4AA0742}.Debug|Any CPU.ActiveCfg = Debug|Any CPU
		{7A043E9A-C36A-4A7A-9C40-1A30B4AA0742}.Debug|Any CPU.Build.0 = Debug|Any CPU
		{7A043E9A-C36A-4A7A-9C40-1A30B4AA0742}.Debug|iPhone.ActiveCfg = Debug|Any CPU
		{7A043E9A-C36A-4A7A-9C40-1A30B4AA0742}.Debug|iPhone.Build.0 = Debug|Any CPU
		{7A043E9A-C36A-4A7A-9C40-1A30B4AA0742}.Debug|iPhoneSimulator.ActiveCfg = Debug|Any CPU
		{7A043E9A-C36A-4A7A-9C40-1A30B4AA0742}.Debug|iPhoneSimulator.Build.0 = Debug|Any CPU
		{7A043E9A-C36A-4A7A-9C40-1A30B4AA0742}.Release|Any CPU.ActiveCfg = Release|Any CPU
		{7A043E9A-C36A-4A7A-9C40-1A30B4AA0742}.Release|Any CPU.Build.0 = Release|Any CPU
		{7A043E9A-C36A-4A7A-9C40-1A30B4AA0742}.Release|iPhone.ActiveCfg = Release|Any CPU
		{7A043E9A-C36A-4A7A-9C40-1A30B4AA0742}.Release|iPhone.Build.0 = Release|Any CPU
		{7A043E9A-C36A-4A7A-9C40-1A30B4AA0742}.Release|iPhoneSimulator.ActiveCfg = Release|Any CPU
		{7A043E9A-C36A-4A7A-9C40-1A30B4AA0742}.Release|iPhoneSimulator.Build.0 = Release|Any CPU
	EndGlobalSection
	GlobalSection(SolutionProperties) = preSolution
		HideSolutionNode = FALSE
	EndGlobalSection
	GlobalSection(NestedProjects) = preSolution
		{6EC9CA25-09ED-4F80-8D23-39FB28294A3E} = {534265F2-412C-42BF-B5B5-9940D1F5F4DA}
		{CC766EBA-D4BC-4460-805D-5041C10A70EE} = {534265F2-412C-42BF-B5B5-9940D1F5F4DA}
		{B7A0E6E6-0674-4DED-BC9B-7CED0184104B} = {534265F2-412C-42BF-B5B5-9940D1F5F4DA}
		{C6E7D0DF-824B-4A57-9BC0-AF7874E0E49B} = {F36B5545-F798-4371-A17C-B0CB5EE1C76B}
		{18EF3C1F-C3B0-4A4D-8929-86F54E9491AA} = {F36B5545-F798-4371-A17C-B0CB5EE1C76B}
		{D7B239B7-2883-4B53-8873-5A3DD82578AC} = {F36B5545-F798-4371-A17C-B0CB5EE1C76B}
		{4F101B9A-EF2C-47B6-B7E0-007FE8B97168} = {6EA10C36-41FC-4FDF-B3F7-1F2828ABC896}
		{C4AD509A-5B07-4509-8667-043291626006} = {534265F2-412C-42BF-B5B5-9940D1F5F4DA}
		{63E0DB48-2173-405F-8D05-CCFA9C4E1685} = {6EA10C36-41FC-4FDF-B3F7-1F2828ABC896}
		{7A043E9A-C36A-4A7A-9C40-1A30B4AA0742} = {23538449-7F1F-49F5-9061-2C1D47CDBE57}
	EndGlobalSection
	GlobalSection(ExtensibilityGlobals) = postSolution
		SolutionGuid = {E21E1431-5EEF-4039-AD8E-29E3E3E49AD0}
	EndGlobalSection
EndGlobal
